{
  "object": {
    "pins": [
      {
        "package": "HyperSpace",
        "repositoryURL": "git@github.com:thecb4/HyperSpace.git",
        "state": {
          "branch": "master",
          "revision": "85671bf9fb7d29c683eae248e055a14666856775",
          "version": null
        }
      }
    ]
  },
  "version": 1
}
