{
  "object": {
    "pins": [
      {
        "package": "HyperSpace",
        "repositoryURL": "https://github.com/thecb4/HyperSpace.git",
        "state": {
          "branch": "master",
          "revision": "b6ce13ae49dbcfae0c32b65881a34fcf73a38545",
          "version": null
        }
      }
    ]
  },
  "version": 1
}
