// !$*UTF8*$!
{
	archiveVersion = 1;
	classes = {
	};
	objectVersion = 46;
	objects = {

/* Begin PBXAggregateTarget section */
		"MotherShip::MotherShipPackageTests::ProductTarget" /* MotherShipPackageTests */ = {
			isa = PBXAggregateTarget;
			buildConfigurationList = OBJ_103 /* Build configuration list for PBXAggregateTarget "MotherShipPackageTests" */;
			buildPhases = (
			);
			dependencies = (
				OBJ_106 /* PBXTargetDependency */,
			);
			name = MotherShipPackageTests;
			productName = MotherShipPackageTests;
		};
/* End PBXAggregateTarget section */

/* Begin PBXBuildFile section */
		OBJ_100 /* URLSession.extension.swift in Sources */ = {isa = PBXBuildFile; fileRef = OBJ_38 /* URLSession.extension.swift */; };
		OBJ_49 /* Package.swift in Sources */ = {isa = PBXBuildFile; fileRef = OBJ_6 /* Package.swift */; };
		OBJ_55 /* Package.swift in Sources */ = {isa = PBXBuildFile; fileRef = OBJ_39 /* Package.swift */; };
		OBJ_61 /* MotherShipTests.swift in Sources */ = {isa = PBXBuildFile; fileRef = OBJ_23 /* MotherShipTests.swift */; };
		OBJ_63 /* MotherShip.framework in Frameworks */ = {isa = PBXBuildFile; fileRef = "MotherShip::MotherShip::Product" /* MotherShip.framework */; };
		OBJ_64 /* HyperSpace.framework in Frameworks */ = {isa = PBXBuildFile; fileRef = "HyperSpace::HyperSpace::Product" /* HyperSpace.framework */; };
		OBJ_73 /* Developer.swift in Sources */ = {isa = PBXBuildFile; fileRef = OBJ_9 /* Developer.swift */; };
		OBJ_74 /* IDMS.endpoint.swift in Sources */ = {isa = PBXBuildFile; fileRef = OBJ_11 /* IDMS.endpoint.swift */; };
		OBJ_75 /* IDMS.json.swift in Sources */ = {isa = PBXBuildFile; fileRef = OBJ_12 /* IDMS.json.swift */; };
		OBJ_76 /* Mothership.swift in Sources */ = {isa = PBXBuildFile; fileRef = OBJ_13 /* Mothership.swift */; };
		OBJ_77 /* Olympus.endpoint.swift in Sources */ = {isa = PBXBuildFile; fileRef = OBJ_15 /* Olympus.endpoint.swift */; };
		OBJ_78 /* Olympus.json.swift in Sources */ = {isa = PBXBuildFile; fileRef = OBJ_16 /* Olympus.json.swift */; };
		OBJ_79 /* TestFlight.endpoint.swift in Sources */ = {isa = PBXBuildFile; fileRef = OBJ_18 /* TestFlight.endpoint.swift */; };
		OBJ_80 /* TestFlight.json.swift in Sources */ = {isa = PBXBuildFile; fileRef = OBJ_19 /* TestFlight.json.swift */; };
		OBJ_81 /* TestFlight.swift in Sources */ = {isa = PBXBuildFile; fileRef = OBJ_20 /* TestFlight.swift */; };
		OBJ_83 /* HyperSpace.framework in Frameworks */ = {isa = PBXBuildFile; fileRef = "HyperSpace::HyperSpace::Product" /* HyperSpace.framework */; };
		OBJ_89 /* Environment.swift in Sources */ = {isa = PBXBuildFile; fileRef = OBJ_27 /* Environment.swift */; };
		OBJ_90 /* Host.swift in Sources */ = {isa = PBXBuildFile; fileRef = OBJ_28 /* Host.swift */; };
		OBJ_91 /* HyperSpace.swift in Sources */ = {isa = PBXBuildFile; fileRef = OBJ_29 /* HyperSpace.swift */; };
		OBJ_92 /* IP.swift in Sources */ = {isa = PBXBuildFile; fileRef = OBJ_30 /* IP.swift */; };
		OBJ_93 /* IPv6.swift in Sources */ = {isa = PBXBuildFile; fileRef = OBJ_31 /* IPv6.swift */; };
		OBJ_94 /* Method.swift in Sources */ = {isa = PBXBuildFile; fileRef = OBJ_32 /* Method.swift */; };
		OBJ_95 /* Path.swift in Sources */ = {isa = PBXBuildFile; fileRef = OBJ_33 /* Path.swift */; };
		OBJ_96 /* Query.swift in Sources */ = {isa = PBXBuildFile; fileRef = OBJ_34 /* Query.swift */; };
		OBJ_97 /* Route.swift in Sources */ = {isa = PBXBuildFile; fileRef = OBJ_35 /* Route.swift */; };
		OBJ_98 /* Router.swift in Sources */ = {isa = PBXBuildFile; fileRef = OBJ_36 /* Router.swift */; };
		OBJ_99 /* Scheme.swift in Sources */ = {isa = PBXBuildFile; fileRef = OBJ_37 /* Scheme.swift */; };
/* End PBXBuildFile section */

/* Begin PBXContainerItemProxy section */
		E93C39FF2001E6C600EC0A26 /* PBXContainerItemProxy */ = {
			isa = PBXContainerItemProxy;
			containerPortal = OBJ_1 /* Project object */;
			proxyType = 1;
			remoteGlobalIDString = "HyperSpace::HyperSpace";
			remoteInfo = HyperSpace;
		};
		E93C3A002001E6C600EC0A26 /* PBXContainerItemProxy */ = {
			isa = PBXContainerItemProxy;
			containerPortal = OBJ_1 /* Project object */;
			proxyType = 1;
			remoteGlobalIDString = "MotherShip::MotherShip";
			remoteInfo = MotherShip;
		};
		E93C3A012001E6C600EC0A26 /* PBXContainerItemProxy */ = {
			isa = PBXContainerItemProxy;
			containerPortal = OBJ_1 /* Project object */;
			proxyType = 1;
			remoteGlobalIDString = "HyperSpace::HyperSpace";
			remoteInfo = HyperSpace;
		};
		E93C3A022001E6C700EC0A26 /* PBXContainerItemProxy */ = {
			isa = PBXContainerItemProxy;
			containerPortal = OBJ_1 /* Project object */;
			proxyType = 1;
			remoteGlobalIDString = "MotherShip::MotherShipTests";
			remoteInfo = MotherShipTests;
		};
/* End PBXContainerItemProxy section */

/* Begin PBXFileReference section */
		E93C3A032001EAC400EC0A26 /* README.md */ = {isa = PBXFileReference; fileEncoding = 4; lastKnownFileType = net.daringfireball.markdown; path = README.md; sourceTree = "<group>"; };
		E93C3A042001EAC500EC0A26 /* Makefile */ = {isa = PBXFileReference; fileEncoding = 4; lastKnownFileType = sourcecode.make; path = Makefile; sourceTree = "<group>"; };
		E93C3A052001EAC500EC0A26 /* Cartfile */ = {isa = PBXFileReference; fileEncoding = 4; lastKnownFileType = text; path = Cartfile; sourceTree = "<group>"; };
		E93C3A062001EAC500EC0A26 /* LICENSE */ = {isa = PBXFileReference; fileEncoding = 4; lastKnownFileType = text; path = LICENSE; sourceTree = "<group>"; };
		E93C3A082001EBFB00EC0A26 /* .travis.yml */ = {isa = PBXFileReference; fileEncoding = 4; lastKnownFileType = text; path = .travis.yml; sourceTree = "<group>"; };
		"HyperSpace::HyperSpace::Product" /* HyperSpace.framework */ = {isa = PBXFileReference; explicitFileType = wrapper.framework; path = HyperSpace.framework; sourceTree = BUILT_PRODUCTS_DIR; };
		"MotherShip::MotherShip::Product" /* MotherShip.framework */ = {isa = PBXFileReference; explicitFileType = wrapper.framework; path = MotherShip.framework; sourceTree = BUILT_PRODUCTS_DIR; };
		"MotherShip::MotherShipTests::Product" /* MotherShipTests.xctest */ = {isa = PBXFileReference; lastKnownFileType = file; path = MotherShipTests.xctest; sourceTree = BUILT_PRODUCTS_DIR; };
		OBJ_11 /* IDMS.endpoint.swift */ = {isa = PBXFileReference; lastKnownFileType = sourcecode.swift; path = IDMS.endpoint.swift; sourceTree = "<group>"; };
		OBJ_12 /* IDMS.json.swift */ = {isa = PBXFileReference; lastKnownFileType = sourcecode.swift; path = IDMS.json.swift; sourceTree = "<group>"; };
		OBJ_13 /* Mothership.swift */ = {isa = PBXFileReference; lastKnownFileType = sourcecode.swift; path = Mothership.swift; sourceTree = "<group>"; };
		OBJ_15 /* Olympus.endpoint.swift */ = {isa = PBXFileReference; lastKnownFileType = sourcecode.swift; path = Olympus.endpoint.swift; sourceTree = "<group>"; };
		OBJ_16 /* Olympus.json.swift */ = {isa = PBXFileReference; lastKnownFileType = sourcecode.swift; path = Olympus.json.swift; sourceTree = "<group>"; };
		OBJ_18 /* TestFlight.endpoint.swift */ = {isa = PBXFileReference; lastKnownFileType = sourcecode.swift; path = TestFlight.endpoint.swift; sourceTree = "<group>"; };
		OBJ_19 /* TestFlight.json.swift */ = {isa = PBXFileReference; lastKnownFileType = sourcecode.swift; path = TestFlight.json.swift; sourceTree = "<group>"; };
		OBJ_20 /* TestFlight.swift */ = {isa = PBXFileReference; lastKnownFileType = sourcecode.swift; path = TestFlight.swift; sourceTree = "<group>"; };
		OBJ_23 /* MotherShipTests.swift */ = {isa = PBXFileReference; lastKnownFileType = sourcecode.swift; path = MotherShipTests.swift; sourceTree = "<group>"; };
		OBJ_27 /* Environment.swift */ = {isa = PBXFileReference; lastKnownFileType = sourcecode.swift; path = Environment.swift; sourceTree = "<group>"; };
		OBJ_28 /* Host.swift */ = {isa = PBXFileReference; lastKnownFileType = sourcecode.swift; path = Host.swift; sourceTree = "<group>"; };
		OBJ_29 /* HyperSpace.swift */ = {isa = PBXFileReference; lastKnownFileType = sourcecode.swift; path = HyperSpace.swift; sourceTree = "<group>"; };
		OBJ_30 /* IP.swift */ = {isa = PBXFileReference; lastKnownFileType = sourcecode.swift; path = IP.swift; sourceTree = "<group>"; };
		OBJ_31 /* IPv6.swift */ = {isa = PBXFileReference; lastKnownFileType = sourcecode.swift; path = IPv6.swift; sourceTree = "<group>"; };
		OBJ_32 /* Method.swift */ = {isa = PBXFileReference; lastKnownFileType = sourcecode.swift; path = Method.swift; sourceTree = "<group>"; };
		OBJ_33 /* Path.swift */ = {isa = PBXFileReference; lastKnownFileType = sourcecode.swift; path = Path.swift; sourceTree = "<group>"; };
		OBJ_34 /* Query.swift */ = {isa = PBXFileReference; lastKnownFileType = sourcecode.swift; path = Query.swift; sourceTree = "<group>"; };
		OBJ_35 /* Route.swift */ = {isa = PBXFileReference; lastKnownFileType = sourcecode.swift; path = Route.swift; sourceTree = "<group>"; };
		OBJ_36 /* Router.swift */ = {isa = PBXFileReference; lastKnownFileType = sourcecode.swift; path = Router.swift; sourceTree = "<group>"; };
		OBJ_37 /* Scheme.swift */ = {isa = PBXFileReference; lastKnownFileType = sourcecode.swift; path = Scheme.swift; sourceTree = "<group>"; };
		OBJ_38 /* URLSession.extension.swift */ = {isa = PBXFileReference; lastKnownFileType = sourcecode.swift; path = URLSession.extension.swift; sourceTree = "<group>"; };
		OBJ_39 /* Package.swift */ = {isa = PBXFileReference; explicitFileType = sourcecode.swift; name = Package.swift; path = "/Users/cavellebenjamin/Development/apps/MothershipSolution/MotherShip/.build/checkouts/HyperSpace.git-8350491166860109504/Package.swift"; sourceTree = "<group>"; };
		OBJ_6 /* Package.swift */ = {isa = PBXFileReference; explicitFileType = sourcecode.swift; path = Package.swift; sourceTree = "<group>"; };
		OBJ_9 /* Developer.swift */ = {isa = PBXFileReference; lastKnownFileType = sourcecode.swift; path = Developer.swift; sourceTree = "<group>"; };
/* End PBXFileReference section */

/* Begin PBXFrameworksBuildPhase section */
		OBJ_101 /* Frameworks */ = {
			isa = PBXFrameworksBuildPhase;
			buildActionMask = 0;
			files = (
			);
			runOnlyForDeploymentPostprocessing = 0;
		};
		OBJ_62 /* Frameworks */ = {
			isa = PBXFrameworksBuildPhase;
			buildActionMask = 0;
			files = (
				OBJ_63 /* MotherShip.framework in Frameworks */,
				OBJ_64 /* HyperSpace.framework in Frameworks */,
			);
			runOnlyForDeploymentPostprocessing = 0;
		};
		OBJ_82 /* Frameworks */ = {
			isa = PBXFrameworksBuildPhase;
			buildActionMask = 0;
			files = (
				OBJ_83 /* HyperSpace.framework in Frameworks */,
			);
			runOnlyForDeploymentPostprocessing = 0;
		};
/* End PBXFrameworksBuildPhase section */

/* Begin PBXGroup section */
		OBJ_10 /* IDMS */ = {
			isa = PBXGroup;
			children = (
				OBJ_11 /* IDMS.endpoint.swift */,
				OBJ_12 /* IDMS.json.swift */,
			);
			path = IDMS;
			sourceTree = "<group>";
		};
		OBJ_14 /* Olympus */ = {
			isa = PBXGroup;
			children = (
				OBJ_15 /* Olympus.endpoint.swift */,
				OBJ_16 /* Olympus.json.swift */,
			);
			path = Olympus;
			sourceTree = "<group>";
		};
		OBJ_17 /* TestFlight */ = {
			isa = PBXGroup;
			children = (
				OBJ_18 /* TestFlight.endpoint.swift */,
				OBJ_19 /* TestFlight.json.swift */,
				OBJ_20 /* TestFlight.swift */,
			);
			path = TestFlight;
			sourceTree = "<group>";
		};
		OBJ_21 /* Tests */ = {
			isa = PBXGroup;
			children = (
				OBJ_22 /* MotherShipTests */,
			);
			name = Tests;
			sourceTree = SOURCE_ROOT;
		};
		OBJ_22 /* MotherShipTests */ = {
			isa = PBXGroup;
			children = (
				OBJ_23 /* MotherShipTests.swift */,
			);
			name = MotherShipTests;
			path = Tests/MotherShipTests;
			sourceTree = SOURCE_ROOT;
		};
		OBJ_24 /* Dependencies */ = {
			isa = PBXGroup;
			children = (
				OBJ_25 /* HyperSpace */,
			);
			name = Dependencies;
			sourceTree = "<group>";
		};
		OBJ_25 /* HyperSpace */ = {
			isa = PBXGroup;
			children = (
				OBJ_26 /* HyperSpace */,
				OBJ_39 /* Package.swift */,
			);
			name = HyperSpace;
			sourceTree = SOURCE_ROOT;
		};
		OBJ_26 /* HyperSpace */ = {
			isa = PBXGroup;
			children = (
				OBJ_27 /* Environment.swift */,
				OBJ_28 /* Host.swift */,
				OBJ_29 /* HyperSpace.swift */,
				OBJ_30 /* IP.swift */,
				OBJ_31 /* IPv6.swift */,
				OBJ_32 /* Method.swift */,
				OBJ_33 /* Path.swift */,
				OBJ_34 /* Query.swift */,
				OBJ_35 /* Route.swift */,
				OBJ_36 /* Router.swift */,
				OBJ_37 /* Scheme.swift */,
				OBJ_38 /* URLSession.extension.swift */,
			);
			name = HyperSpace;
			path = ".build/checkouts/HyperSpace.git-8350491166860109504/Sources/HyperSpace";
			sourceTree = SOURCE_ROOT;
		};
		OBJ_40 /* Products */ = {
			isa = PBXGroup;
			children = (
				"MotherShip::MotherShipTests::Product" /* MotherShipTests.xctest */,
				"MotherShip::MotherShip::Product" /* MotherShip.framework */,
				"HyperSpace::HyperSpace::Product" /* HyperSpace.framework */,
			);
			name = Products;
			sourceTree = BUILT_PRODUCTS_DIR;
		};
		OBJ_5 /*  */ = {
			isa = PBXGroup;
			children = (
				E93C3A052001EAC500EC0A26 /* Cartfile */,
				E93C3A062001EAC500EC0A26 /* LICENSE */,
				E93C3A042001EAC500EC0A26 /* Makefile */,
				E93C3A032001EAC400EC0A26 /* README.md */,
				OBJ_6 /* Package.swift */,
				E93C3A082001EBFB00EC0A26 /* .travis.yml */,
				OBJ_7 /* Sources */,
				OBJ_21 /* Tests */,
				OBJ_24 /* Dependencies */,
				OBJ_40 /* Products */,
			);
			name = "";
			sourceTree = "<group>";
		};
		OBJ_7 /* Sources */ = {
			isa = PBXGroup;
			children = (
				OBJ_8 /* MotherShip */,
			);
			name = Sources;
			sourceTree = SOURCE_ROOT;
		};
		OBJ_8 /* MotherShip */ = {
			isa = PBXGroup;
			children = (
				OBJ_9 /* Developer.swift */,
				OBJ_10 /* IDMS */,
				OBJ_13 /* Mothership.swift */,
				OBJ_14 /* Olympus */,
				OBJ_17 /* TestFlight */,
			);
			name = MotherShip;
			path = Sources/MotherShip;
			sourceTree = SOURCE_ROOT;
		};
/* End PBXGroup section */

/* Begin PBXNativeTarget section */
		"HyperSpace::HyperSpace" /* HyperSpace */ = {
			isa = PBXNativeTarget;
			buildConfigurationList = OBJ_85 /* Build configuration list for PBXNativeTarget "HyperSpace" */;
			buildPhases = (
				OBJ_88 /* Sources */,
				OBJ_101 /* Frameworks */,
			);
			buildRules = (
			);
			dependencies = (
			);
			name = HyperSpace;
			productName = HyperSpace;
			productReference = "HyperSpace::HyperSpace::Product" /* HyperSpace.framework */;
			productType = "com.apple.product-type.framework";
		};
		"HyperSpace::SwiftPMPackageDescription" /* HyperSpacePackageDescription */ = {
			isa = PBXNativeTarget;
			buildConfigurationList = OBJ_51 /* Build configuration list for PBXNativeTarget "HyperSpacePackageDescription" */;
			buildPhases = (
				OBJ_54 /* Sources */,
			);
			buildRules = (
			);
			dependencies = (
			);
			name = HyperSpacePackageDescription;
			productName = HyperSpacePackageDescription;
			productType = "com.apple.product-type.framework";
		};
		"MotherShip::MotherShip" /* MotherShip */ = {
			isa = PBXNativeTarget;
			buildConfigurationList = OBJ_69 /* Build configuration list for PBXNativeTarget "MotherShip" */;
			buildPhases = (
				OBJ_72 /* Sources */,
				OBJ_82 /* Frameworks */,
			);
			buildRules = (
			);
			dependencies = (
				OBJ_84 /* PBXTargetDependency */,
			);
			name = MotherShip;
			productName = MotherShip;
			productReference = "MotherShip::MotherShip::Product" /* MotherShip.framework */;
			productType = "com.apple.product-type.framework";
		};
		"MotherShip::MotherShipTests" /* MotherShipTests */ = {
			isa = PBXNativeTarget;
			buildConfigurationList = OBJ_57 /* Build configuration list for PBXNativeTarget "MotherShipTests" */;
			buildPhases = (
				OBJ_60 /* Sources */,
				OBJ_62 /* Frameworks */,
			);
			buildRules = (
			);
			dependencies = (
				OBJ_65 /* PBXTargetDependency */,
				OBJ_67 /* PBXTargetDependency */,
			);
			name = MotherShipTests;
			productName = MotherShipTests;
			productReference = "MotherShip::MotherShipTests::Product" /* MotherShipTests.xctest */;
			productType = "com.apple.product-type.bundle.unit-test";
		};
		"MotherShip::SwiftPMPackageDescription" /* MotherShipPackageDescription */ = {
			isa = PBXNativeTarget;
			buildConfigurationList = OBJ_45 /* Build configuration list for PBXNativeTarget "MotherShipPackageDescription" */;
			buildPhases = (
				OBJ_48 /* Sources */,
			);
			buildRules = (
			);
			dependencies = (
			);
			name = MotherShipPackageDescription;
			productName = MotherShipPackageDescription;
			productType = "com.apple.product-type.framework";
		};
/* End PBXNativeTarget section */

/* Begin PBXProject section */
		OBJ_1 /* Project object */ = {
			isa = PBXProject;
			attributes = {
				LastUpgradeCheck = 9999;
			};
			buildConfigurationList = OBJ_2 /* Build configuration list for PBXProject "MotherShip" */;
			compatibilityVersion = "Xcode 3.2";
			developmentRegion = English;
			hasScannedForEncodings = 0;
			knownRegions = (
				en,
			);
			mainGroup = OBJ_5 /*  */;
			productRefGroup = OBJ_40 /* Products */;
			projectDirPath = "";
			projectRoot = "";
			targets = (
				"MotherShip::SwiftPMPackageDescription" /* MotherShipPackageDescription */,
				"HyperSpace::SwiftPMPackageDescription" /* HyperSpacePackageDescription */,
				"MotherShip::MotherShipTests" /* MotherShipTests */,
				"MotherShip::MotherShip" /* MotherShip */,
				"HyperSpace::HyperSpace" /* HyperSpace */,
				"MotherShip::MotherShipPackageTests::ProductTarget" /* MotherShipPackageTests */,
			);
		};
/* End PBXProject section */

/* Begin PBXSourcesBuildPhase section */
		OBJ_48 /* Sources */ = {
			isa = PBXSourcesBuildPhase;
			buildActionMask = 0;
			files = (
				OBJ_49 /* Package.swift in Sources */,
			);
			runOnlyForDeploymentPostprocessing = 0;
		};
		OBJ_54 /* Sources */ = {
			isa = PBXSourcesBuildPhase;
			buildActionMask = 0;
			files = (
				OBJ_55 /* Package.swift in Sources */,
			);
			runOnlyForDeploymentPostprocessing = 0;
		};
		OBJ_60 /* Sources */ = {
			isa = PBXSourcesBuildPhase;
			buildActionMask = 0;
			files = (
				OBJ_61 /* MotherShipTests.swift in Sources */,
			);
			runOnlyForDeploymentPostprocessing = 0;
		};
		OBJ_72 /* Sources */ = {
			isa = PBXSourcesBuildPhase;
			buildActionMask = 0;
			files = (
				OBJ_73 /* Developer.swift in Sources */,
				OBJ_74 /* IDMS.endpoint.swift in Sources */,
				OBJ_75 /* IDMS.json.swift in Sources */,
				OBJ_76 /* Mothership.swift in Sources */,
				OBJ_77 /* Olympus.endpoint.swift in Sources */,
				OBJ_78 /* Olympus.json.swift in Sources */,
				OBJ_79 /* TestFlight.endpoint.swift in Sources */,
				OBJ_80 /* TestFlight.json.swift in Sources */,
				OBJ_81 /* TestFlight.swift in Sources */,
			);
			runOnlyForDeploymentPostprocessing = 0;
		};
		OBJ_88 /* Sources */ = {
			isa = PBXSourcesBuildPhase;
			buildActionMask = 0;
			files = (
				OBJ_89 /* Environment.swift in Sources */,
				OBJ_90 /* Host.swift in Sources */,
				OBJ_91 /* HyperSpace.swift in Sources */,
				OBJ_92 /* IP.swift in Sources */,
				OBJ_93 /* IPv6.swift in Sources */,
				OBJ_94 /* Method.swift in Sources */,
				OBJ_95 /* Path.swift in Sources */,
				OBJ_96 /* Query.swift in Sources */,
				OBJ_97 /* Route.swift in Sources */,
				OBJ_98 /* Router.swift in Sources */,
				OBJ_99 /* Scheme.swift in Sources */,
				OBJ_100 /* URLSession.extension.swift in Sources */,
			);
			runOnlyForDeploymentPostprocessing = 0;
		};
/* End PBXSourcesBuildPhase section */

/* Begin PBXTargetDependency section */
		OBJ_106 /* PBXTargetDependency */ = {
			isa = PBXTargetDependency;
			target = "MotherShip::MotherShipTests" /* MotherShipTests */;
			targetProxy = E93C3A022001E6C700EC0A26 /* PBXContainerItemProxy */;
		};
		OBJ_65 /* PBXTargetDependency */ = {
			isa = PBXTargetDependency;
			target = "MotherShip::MotherShip" /* MotherShip */;
			targetProxy = E93C3A002001E6C600EC0A26 /* PBXContainerItemProxy */;
		};
		OBJ_67 /* PBXTargetDependency */ = {
			isa = PBXTargetDependency;
			target = "HyperSpace::HyperSpace" /* HyperSpace */;
			targetProxy = E93C3A012001E6C600EC0A26 /* PBXContainerItemProxy */;
		};
		OBJ_84 /* PBXTargetDependency */ = {
			isa = PBXTargetDependency;
			target = "HyperSpace::HyperSpace" /* HyperSpace */;
			targetProxy = E93C39FF2001E6C600EC0A26 /* PBXContainerItemProxy */;
		};
/* End PBXTargetDependency section */

/* Begin XCBuildConfiguration section */
		OBJ_104 /* Debug */ = {
			isa = XCBuildConfiguration;
			buildSettings = {
			};
			name = Debug;
		};
		OBJ_105 /* Release */ = {
			isa = XCBuildConfiguration;
			buildSettings = {
			};
			name = Release;
		};
		OBJ_3 /* Debug */ = {
			isa = XCBuildConfiguration;
			buildSettings = {
				CLANG_ENABLE_OBJC_ARC = YES;
				COMBINE_HIDPI_IMAGES = YES;
				COPY_PHASE_STRIP = NO;
				DEBUG_INFORMATION_FORMAT = dwarf;
				DYLIB_INSTALL_NAME_BASE = "@rpath";
				ENABLE_NS_ASSERTIONS = YES;
				GCC_OPTIMIZATION_LEVEL = 0;
				MACOSX_DEPLOYMENT_TARGET = 10.10;
				ONLY_ACTIVE_ARCH = YES;
				OTHER_SWIFT_FLAGS = "-DXcode";
				PRODUCT_NAME = "$(TARGET_NAME)";
				SDKROOT = macosx;
				SUPPORTED_PLATFORMS = "macosx iphoneos iphonesimulator appletvos appletvsimulator watchos watchsimulator";
				SWIFT_ACTIVE_COMPILATION_CONDITIONS = SWIFT_PACKAGE;
				SWIFT_OPTIMIZATION_LEVEL = "-Onone";
				USE_HEADERMAP = NO;
			};
			name = Debug;
		};
		OBJ_4 /* Release */ = {
			isa = XCBuildConfiguration;
			buildSettings = {
				CLANG_ENABLE_OBJC_ARC = YES;
				COMBINE_HIDPI_IMAGES = YES;
				COPY_PHASE_STRIP = YES;
				DEBUG_INFORMATION_FORMAT = "dwarf-with-dsym";
				DYLIB_INSTALL_NAME_BASE = "@rpath";
				GCC_OPTIMIZATION_LEVEL = s;
				MACOSX_DEPLOYMENT_TARGET = 10.10;
				OTHER_SWIFT_FLAGS = "-DXcode";
				PRODUCT_NAME = "$(TARGET_NAME)";
				SDKROOT = macosx;
				SUPPORTED_PLATFORMS = "macosx iphoneos iphonesimulator appletvos appletvsimulator watchos watchsimulator";
				SWIFT_ACTIVE_COMPILATION_CONDITIONS = SWIFT_PACKAGE;
				SWIFT_OPTIMIZATION_LEVEL = "-Owholemodule";
				USE_HEADERMAP = NO;
			};
			name = Release;
		};
		OBJ_46 /* Debug */ = {
			isa = XCBuildConfiguration;
			buildSettings = {
				LD = /usr/bin/true;
				OTHER_SWIFT_FLAGS = "-swift-version 4 -I /Applications/Xcode.app/Contents/Developer/Toolchains/XcodeDefault.xctoolchain/usr/lib/swift/pm/4 -target x86_64-apple-macosx10.10 -sdk /Applications/Xcode.app/Contents/Developer/Platforms/MacOSX.platform/Developer/SDKs/MacOSX10.13.sdk";
				SWIFT_VERSION = 4.0;
			};
			name = Debug;
		};
		OBJ_47 /* Release */ = {
			isa = XCBuildConfiguration;
			buildSettings = {
				LD = /usr/bin/true;
				OTHER_SWIFT_FLAGS = "-swift-version 4 -I /Applications/Xcode.app/Contents/Developer/Toolchains/XcodeDefault.xctoolchain/usr/lib/swift/pm/4 -target x86_64-apple-macosx10.10 -sdk /Applications/Xcode.app/Contents/Developer/Platforms/MacOSX.platform/Developer/SDKs/MacOSX10.13.sdk";
				SWIFT_VERSION = 4.0;
			};
			name = Release;
		};
		OBJ_52 /* Debug */ = {
			isa = XCBuildConfiguration;
			buildSettings = {
				LD = /usr/bin/true;
				OTHER_SWIFT_FLAGS = "-swift-version 4 -I /Applications/Xcode.app/Contents/Developer/Toolchains/XcodeDefault.xctoolchain/usr/lib/swift/pm/4 -target x86_64-apple-macosx10.10 -sdk /Applications/Xcode.app/Contents/Developer/Platforms/MacOSX.platform/Developer/SDKs/MacOSX10.13.sdk";
				SWIFT_VERSION = 4.0;
			};
			name = Debug;
		};
		OBJ_53 /* Release */ = {
			isa = XCBuildConfiguration;
			buildSettings = {
				LD = /usr/bin/true;
				OTHER_SWIFT_FLAGS = "-swift-version 4 -I /Applications/Xcode.app/Contents/Developer/Toolchains/XcodeDefault.xctoolchain/usr/lib/swift/pm/4 -target x86_64-apple-macosx10.10 -sdk /Applications/Xcode.app/Contents/Developer/Platforms/MacOSX.platform/Developer/SDKs/MacOSX10.13.sdk";
				SWIFT_VERSION = 4.0;
			};
			name = Release;
		};
		OBJ_58 /* Debug */ = {
			isa = XCBuildConfiguration;
			buildSettings = {
				EMBEDDED_CONTENT_CONTAINS_SWIFT = YES;
				FRAMEWORK_SEARCH_PATHS = (
					"$(inherited)",
					"$(PLATFORM_DIR)/Developer/Library/Frameworks",
				);
				HEADER_SEARCH_PATHS = "$(inherited)";
				INFOPLIST_FILE = MotherShip.xcodeproj/MotherShipTests_Info.plist;
				LD_RUNPATH_SEARCH_PATHS = "@loader_path/../Frameworks @loader_path/Frameworks";
				OTHER_LDFLAGS = "$(inherited)";
				OTHER_SWIFT_FLAGS = "$(inherited)";
				SWIFT_VERSION = 4.0;
				TARGET_NAME = MotherShipTests;
			};
			name = Debug;
		};
		OBJ_59 /* Release */ = {
			isa = XCBuildConfiguration;
			buildSettings = {
				EMBEDDED_CONTENT_CONTAINS_SWIFT = YES;
				FRAMEWORK_SEARCH_PATHS = (
					"$(inherited)",
					"$(PLATFORM_DIR)/Developer/Library/Frameworks",
				);
				HEADER_SEARCH_PATHS = "$(inherited)";
				INFOPLIST_FILE = MotherShip.xcodeproj/MotherShipTests_Info.plist;
				LD_RUNPATH_SEARCH_PATHS = "@loader_path/../Frameworks @loader_path/Frameworks";
				OTHER_LDFLAGS = "$(inherited)";
				OTHER_SWIFT_FLAGS = "$(inherited)";
				SWIFT_VERSION = 4.0;
				TARGET_NAME = MotherShipTests;
			};
			name = Release;
		};
		OBJ_70 /* Debug */ = {
			isa = XCBuildConfiguration;
			buildSettings = {
				ENABLE_TESTABILITY = YES;
				FRAMEWORK_SEARCH_PATHS = (
					"$(inherited)",
					"$(PLATFORM_DIR)/Developer/Library/Frameworks",
				);
				HEADER_SEARCH_PATHS = "$(inherited)";
				INFOPLIST_FILE = MotherShip.xcodeproj/MotherShip_Info.plist;
				LD_RUNPATH_SEARCH_PATHS = "$(TOOLCHAIN_DIR)/usr/lib/swift/macosx";
				OTHER_LDFLAGS = "$(inherited)";
				OTHER_SWIFT_FLAGS = "$(inherited)";
				PRODUCT_BUNDLE_IDENTIFIER = MotherShip;
				PRODUCT_MODULE_NAME = "$(TARGET_NAME:c99extidentifier)";
				PRODUCT_NAME = "$(TARGET_NAME:c99extidentifier)";
				SKIP_INSTALL = YES;
				SWIFT_VERSION = 4.0;
				TARGET_NAME = MotherShip;
			};
			name = Debug;
		};
		OBJ_71 /* Release */ = {
			isa = XCBuildConfiguration;
			buildSettings = {
				ENABLE_TESTABILITY = YES;
				FRAMEWORK_SEARCH_PATHS = (
					"$(inherited)",
					"$(PLATFORM_DIR)/Developer/Library/Frameworks",
				);
				HEADER_SEARCH_PATHS = "$(inherited)";
				INFOPLIST_FILE = MotherShip.xcodeproj/MotherShip_Info.plist;
				LD_RUNPATH_SEARCH_PATHS = "$(TOOLCHAIN_DIR)/usr/lib/swift/macosx";
				OTHER_LDFLAGS = "$(inherited)";
				OTHER_SWIFT_FLAGS = "$(inherited)";
				PRODUCT_BUNDLE_IDENTIFIER = MotherShip;
				PRODUCT_MODULE_NAME = "$(TARGET_NAME:c99extidentifier)";
				PRODUCT_NAME = "$(TARGET_NAME:c99extidentifier)";
				SKIP_INSTALL = YES;
				SWIFT_VERSION = 4.0;
				TARGET_NAME = MotherShip;
			};
			name = Release;
		};
		OBJ_86 /* Debug */ = {
			isa = XCBuildConfiguration;
			buildSettings = {
				ENABLE_TESTABILITY = YES;
				FRAMEWORK_SEARCH_PATHS = (
					"$(inherited)",
					"$(PLATFORM_DIR)/Developer/Library/Frameworks",
				);
				HEADER_SEARCH_PATHS = "$(inherited)";
				INFOPLIST_FILE = MotherShip.xcodeproj/HyperSpace_Info.plist;
				LD_RUNPATH_SEARCH_PATHS = "$(TOOLCHAIN_DIR)/usr/lib/swift/macosx";
				OTHER_LDFLAGS = "$(inherited)";
				OTHER_SWIFT_FLAGS = "$(inherited)";
				PRODUCT_BUNDLE_IDENTIFIER = HyperSpace;
				PRODUCT_MODULE_NAME = "$(TARGET_NAME:c99extidentifier)";
				PRODUCT_NAME = "$(TARGET_NAME:c99extidentifier)";
				SKIP_INSTALL = YES;
				SWIFT_VERSION = 4.0;
				TARGET_NAME = HyperSpace;
			};
			name = Debug;
		};
		OBJ_87 /* Release */ = {
			isa = XCBuildConfiguration;
			buildSettings = {
				ENABLE_TESTABILITY = YES;
				FRAMEWORK_SEARCH_PATHS = (
					"$(inherited)",
					"$(PLATFORM_DIR)/Developer/Library/Frameworks",
				);
				HEADER_SEARCH_PATHS = "$(inherited)";
				INFOPLIST_FILE = MotherShip.xcodeproj/HyperSpace_Info.plist;
				LD_RUNPATH_SEARCH_PATHS = "$(TOOLCHAIN_DIR)/usr/lib/swift/macosx";
				OTHER_LDFLAGS = "$(inherited)";
				OTHER_SWIFT_FLAGS = "$(inherited)";
				PRODUCT_BUNDLE_IDENTIFIER = HyperSpace;
				PRODUCT_MODULE_NAME = "$(TARGET_NAME:c99extidentifier)";
				PRODUCT_NAME = "$(TARGET_NAME:c99extidentifier)";
				SKIP_INSTALL = YES;
				SWIFT_VERSION = 4.0;
				TARGET_NAME = HyperSpace;
			};
			name = Release;
		};
/* End XCBuildConfiguration section */

/* Begin XCConfigurationList section */
		OBJ_103 /* Build configuration list for PBXAggregateTarget "MotherShipPackageTests" */ = {
			isa = XCConfigurationList;
			buildConfigurations = (
				OBJ_104 /* Debug */,
				OBJ_105 /* Release */,
			);
			defaultConfigurationIsVisible = 0;
			defaultConfigurationName = Debug;
		};
		OBJ_2 /* Build configuration list for PBXProject "MotherShip" */ = {
			isa = XCConfigurationList;
			buildConfigurations = (
				OBJ_3 /* Debug */,
				OBJ_4 /* Release */,
			);
			defaultConfigurationIsVisible = 0;
			defaultConfigurationName = Debug;
		};
		OBJ_45 /* Build configuration list for PBXNativeTarget "MotherShipPackageDescription" */ = {
			isa = XCConfigurationList;
			buildConfigurations = (
				OBJ_46 /* Debug */,
				OBJ_47 /* Release */,
			);
			defaultConfigurationIsVisible = 0;
			defaultConfigurationName = Debug;
		};
		OBJ_51 /* Build configuration list for PBXNativeTarget "HyperSpacePackageDescription" */ = {
			isa = XCConfigurationList;
			buildConfigurations = (
				OBJ_52 /* Debug */,
				OBJ_53 /* Release */,
			);
			defaultConfigurationIsVisible = 0;
			defaultConfigurationName = Debug;
		};
		OBJ_57 /* Build configuration list for PBXNativeTarget "MotherShipTests" */ = {
			isa = XCConfigurationList;
			buildConfigurations = (
				OBJ_58 /* Debug */,
				OBJ_59 /* Release */,
			);
			defaultConfigurationIsVisible = 0;
			defaultConfigurationName = Debug;
		};
		OBJ_69 /* Build configuration list for PBXNativeTarget "MotherShip" */ = {
			isa = XCConfigurationList;
			buildConfigurations = (
				OBJ_70 /* Debug */,
				OBJ_71 /* Release */,
			);
			defaultConfigurationIsVisible = 0;
			defaultConfigurationName = Debug;
		};
		OBJ_85 /* Build configuration list for PBXNativeTarget "HyperSpace" */ = {
			isa = XCConfigurationList;
			buildConfigurations = (
				OBJ_86 /* Debug */,
				OBJ_87 /* Release */,
			);
			defaultConfigurationIsVisible = 0;
			defaultConfigurationName = Debug;
		};
/* End XCConfigurationList section */
	};
	rootObject = OBJ_1 /* Project object */;
}
