{
  "object": {
    "pins": [
      {
        "package": "Result",
        "repositoryURL": "https://github.com/thecb4/Result.git",
        "state": {
          "branch": null,
          "revision": "d5cd3df196748117756611818e7be8064ba7ae27",
          "version": "0.5.0"
        }
      }
    ]
  },
  "version": 1
}
