// !$*UTF8*$!
{
	archiveVersion = 1;
	classes = {
	};
	objectVersion = 46;
	objects = {

/* Begin PBXBuildFile section */
		BF_125182678533 /* Result.swift in Sources */ = {isa = PBXBuildFile; fileRef = FR_646323693717 /* Result.swift */; };
		BF_132604212578 /* Result.swift in Sources */ = {isa = PBXBuildFile; fileRef = FR_646323693717 /* Result.swift */; };
		BF_144785496761 /* NoErrorTests.swift in Sources */ = {isa = PBXBuildFile; fileRef = FR_669259574524 /* NoErrorTests.swift */; };
		BF_150353170815 /* Result.framework in Frameworks */ = {isa = PBXBuildFile; fileRef = FR_404829017433 /* Result.framework */; };
		BF_163877010863 /* ResultTests.swift in Sources */ = {isa = PBXBuildFile; fileRef = FR_816146312062 /* ResultTests.swift */; };
		BF_220068641087 /* Result.framework in Frameworks */ = {isa = PBXBuildFile; fileRef = FR_758891112792 /* Result.framework */; };
		BF_221591662814 /* ResultProtocol.swift in Sources */ = {isa = PBXBuildFile; fileRef = FR_741487729220 /* ResultProtocol.swift */; };
		BF_221697411487 /* NoErrorTests.swift in Sources */ = {isa = PBXBuildFile; fileRef = FR_669259574524 /* NoErrorTests.swift */; };
		BF_227992337918 /* Result.ext.swift in Sources */ = {isa = PBXBuildFile; fileRef = FR_750084683038 /* Result.ext.swift */; };
		BF_230874618760 /* AnyError.swift in Sources */ = {isa = PBXBuildFile; fileRef = FR_337467617630 /* AnyError.swift */; };
		BF_252318104934 /* AnyError.swift in Sources */ = {isa = PBXBuildFile; fileRef = FR_337467617630 /* AnyError.swift */; };
		BF_254653114916 /* Result.ext.swift in Sources */ = {isa = PBXBuildFile; fileRef = FR_750084683038 /* Result.ext.swift */; };
		BF_272866725030 /* NoError.swift in Sources */ = {isa = PBXBuildFile; fileRef = FR_158575073795 /* NoError.swift */; };
		BF_279110772354 /* ResultTests.swift in Sources */ = {isa = PBXBuildFile; fileRef = FR_816146312062 /* ResultTests.swift */; };
		BF_289926091196 /* AnyErrorTests.swift in Sources */ = {isa = PBXBuildFile; fileRef = FR_513564295208 /* AnyErrorTests.swift */; };
		BF_310889234948 /* AnyError.swift in Sources */ = {isa = PBXBuildFile; fileRef = FR_337467617630 /* AnyError.swift */; };
		BF_319402242442 /* Result.framework in Frameworks */ = {isa = PBXBuildFile; fileRef = FR_339618621853 /* Result.framework */; };
		BF_322196795942 /* AnyError.swift in Sources */ = {isa = PBXBuildFile; fileRef = FR_337467617630 /* AnyError.swift */; };
		BF_417930964006 /* AnyErrorTests.swift in Sources */ = {isa = PBXBuildFile; fileRef = FR_513564295208 /* AnyErrorTests.swift */; };
		BF_489309951401 /* NoError.swift in Sources */ = {isa = PBXBuildFile; fileRef = FR_158575073795 /* NoError.swift */; };
		BF_501991730685 /* NoErrorTests.swift in Sources */ = {isa = PBXBuildFile; fileRef = FR_669259574524 /* NoErrorTests.swift */; };
		BF_548305142311 /* Result.ext.swift in Sources */ = {isa = PBXBuildFile; fileRef = FR_750084683038 /* Result.ext.swift */; };
		BF_566096842515 /* NoError.swift in Sources */ = {isa = PBXBuildFile; fileRef = FR_158575073795 /* NoError.swift */; };
		BF_575563759394 /* Result.swift in Sources */ = {isa = PBXBuildFile; fileRef = FR_646323693717 /* Result.swift */; };
		BF_626413741972 /* NoErrorTests.swift in Sources */ = {isa = PBXBuildFile; fileRef = FR_669259574524 /* NoErrorTests.swift */; };
		BF_632306589804 /* ResultProtocol.swift in Sources */ = {isa = PBXBuildFile; fileRef = FR_741487729220 /* ResultProtocol.swift */; };
		BF_669571159601 /* ResultTests.swift in Sources */ = {isa = PBXBuildFile; fileRef = FR_816146312062 /* ResultTests.swift */; };
		BF_677787861498 /* AnyErrorTests.swift in Sources */ = {isa = PBXBuildFile; fileRef = FR_513564295208 /* AnyErrorTests.swift */; };
		BF_697615428498 /* Result.ext.swift in Sources */ = {isa = PBXBuildFile; fileRef = FR_750084683038 /* Result.ext.swift */; };
		BF_769686491802 /* Result.framework in Frameworks */ = {isa = PBXBuildFile; fileRef = FR_631844108861 /* Result.framework */; };
		BF_812834124961 /* ResultProtocol.swift in Sources */ = {isa = PBXBuildFile; fileRef = FR_741487729220 /* ResultProtocol.swift */; };
		BF_838305814990 /* AnyErrorTests.swift in Sources */ = {isa = PBXBuildFile; fileRef = FR_513564295208 /* AnyErrorTests.swift */; };
		BF_854930160747 /* NoError.swift in Sources */ = {isa = PBXBuildFile; fileRef = FR_158575073795 /* NoError.swift */; };
		BF_869374758680 /* ResultProtocol.swift in Sources */ = {isa = PBXBuildFile; fileRef = FR_741487729220 /* ResultProtocol.swift */; };
		BF_889790553104 /* ResultTests.swift in Sources */ = {isa = PBXBuildFile; fileRef = FR_816146312062 /* ResultTests.swift */; };
		BF_906281411589 /* Result.swift in Sources */ = {isa = PBXBuildFile; fileRef = FR_646323693717 /* Result.swift */; };
/* End PBXBuildFile section */

/* Begin PBXContainerItemProxy section */
		CIP_17917243370 /* PBXContainerItemProxy */ = {
			isa = PBXContainerItemProxy;
			containerPortal = P_4791989303357 /* Project object */;
			proxyType = 1;
			remoteGlobalIDString = NT_758891112792;
			remoteInfo = "Result-watchOS";
		};
		CIP_42747497189 /* PBXContainerItemProxy */ = {
			isa = PBXContainerItemProxy;
			containerPortal = P_4791989303357 /* Project object */;
			proxyType = 1;
			remoteGlobalIDString = NT_631844108861;
			remoteInfo = "Result-tvOS";
		};
		CIP_79177430562 /* PBXContainerItemProxy */ = {
			isa = PBXContainerItemProxy;
			containerPortal = P_4791989303357 /* Project object */;
			proxyType = 1;
			remoteGlobalIDString = NT_404829017433;
			remoteInfo = "Result-iOS";
		};
		CIP_91637131567 /* PBXContainerItemProxy */ = {
			isa = PBXContainerItemProxy;
			containerPortal = P_4791989303357 /* Project object */;
			proxyType = 1;
			remoteGlobalIDString = NT_339618621853;
			remoteInfo = "Result-macOS";
		};
/* End PBXContainerItemProxy section */

/* Begin PBXFileReference section */
		FR_158575073795 /* NoError.swift */ = {isa = PBXFileReference; lastKnownFileType = sourcecode.swift; path = NoError.swift; sourceTree = "<group>"; };
		FR_179172433709 /* ResultUnitTests.xctest */ = {isa = PBXFileReference; explicitFileType = wrapper.cfbundle; includeInIndex = 0; path = ResultUnitTests.xctest; sourceTree = BUILT_PRODUCTS_DIR; };
		FR_196243501954 /* Result.h */ = {isa = PBXFileReference; lastKnownFileType = sourcecode.c.h; path = Result.h; sourceTree = "<group>"; };
		FR_292304349049 /* LinuxMain.swift */ = {isa = PBXFileReference; lastKnownFileType = sourcecode.swift; path = LinuxMain.swift; sourceTree = "<group>"; };
		FR_318262793922 /* Info.plist */ = {isa = PBXFileReference; lastKnownFileType = text.plist.xml; path = Info.plist; sourceTree = "<group>"; };
		FR_337467617630 /* AnyError.swift */ = {isa = PBXFileReference; lastKnownFileType = sourcecode.swift; path = AnyError.swift; sourceTree = "<group>"; };
		FR_339618621853 /* Result.framework */ = {isa = PBXFileReference; explicitFileType = wrapper.framework; includeInIndex = 0; path = Result.framework; sourceTree = BUILT_PRODUCTS_DIR; };
		FR_404829017433 /* Result.framework */ = {isa = PBXFileReference; explicitFileType = wrapper.framework; includeInIndex = 0; path = Result.framework; sourceTree = BUILT_PRODUCTS_DIR; };
		FR_427474971891 /* ResultUnitTests.xctest */ = {isa = PBXFileReference; includeInIndex = 0; lastKnownFileType = wrapper.cfbundle; path = ResultUnitTests.xctest; sourceTree = BUILT_PRODUCTS_DIR; };
		FR_513564295208 /* AnyErrorTests.swift */ = {isa = PBXFileReference; lastKnownFileType = sourcecode.swift; path = AnyErrorTests.swift; sourceTree = "<group>"; };
		FR_631844108861 /* Result.framework */ = {isa = PBXFileReference; explicitFileType = wrapper.framework; includeInIndex = 0; path = Result.framework; sourceTree = BUILT_PRODUCTS_DIR; };
		FR_646323693717 /* Result.swift */ = {isa = PBXFileReference; lastKnownFileType = sourcecode.swift; path = Result.swift; sourceTree = "<group>"; };
		FR_669259574524 /* NoErrorTests.swift */ = {isa = PBXFileReference; lastKnownFileType = sourcecode.swift; path = NoErrorTests.swift; sourceTree = "<group>"; };
		FR_741487729220 /* ResultProtocol.swift */ = {isa = PBXFileReference; lastKnownFileType = sourcecode.swift; path = ResultProtocol.swift; sourceTree = "<group>"; };
		FR_750084683038 /* Result.ext.swift */ = {isa = PBXFileReference; lastKnownFileType = sourcecode.swift; path = Result.ext.swift; sourceTree = "<group>"; };
		FR_758891112792 /* Result.framework */ = {isa = PBXFileReference; explicitFileType = wrapper.framework; includeInIndex = 0; path = Result.framework; sourceTree = BUILT_PRODUCTS_DIR; };
		FR_791774305623 /* ResultUnitTests.xctest */ = {isa = PBXFileReference; includeInIndex = 0; lastKnownFileType = wrapper.cfbundle; path = ResultUnitTests.xctest; sourceTree = BUILT_PRODUCTS_DIR; };
		FR_816146312062 /* ResultTests.swift */ = {isa = PBXFileReference; lastKnownFileType = sourcecode.swift; path = ResultTests.swift; sourceTree = "<group>"; };
		FR_894718268844 /* Info.plist */ = {isa = PBXFileReference; lastKnownFileType = text.plist.xml; path = Info.plist; sourceTree = "<group>"; };
		FR_916371315672 /* ResultUnitTests.xctest */ = {isa = PBXFileReference; explicitFileType = wrapper.cfbundle; includeInIndex = 0; path = ResultUnitTests.xctest; sourceTree = BUILT_PRODUCTS_DIR; };
/* End PBXFileReference section */

/* Begin PBXFrameworksBuildPhase section */
		FBP_17917243370 /* Frameworks */ = {
			isa = PBXFrameworksBuildPhase;
			buildActionMask = 2147483647;
			files = (
				BF_220068641087 /* Result.framework in Frameworks */,
			);
			runOnlyForDeploymentPostprocessing = 0;
		};
		FBP_42747497189 /* Frameworks */ = {
			isa = PBXFrameworksBuildPhase;
			buildActionMask = 2147483647;
			files = (
				BF_769686491802 /* Result.framework in Frameworks */,
			);
			runOnlyForDeploymentPostprocessing = 0;
		};
		FBP_79177430562 /* Frameworks */ = {
			isa = PBXFrameworksBuildPhase;
			buildActionMask = 2147483647;
			files = (
				BF_150353170815 /* Result.framework in Frameworks */,
			);
			runOnlyForDeploymentPostprocessing = 0;
		};
		FBP_91637131567 /* Frameworks */ = {
			isa = PBXFrameworksBuildPhase;
			buildActionMask = 2147483647;
			files = (
				BF_319402242442 /* Result.framework in Frameworks */,
			);
			runOnlyForDeploymentPostprocessing = 0;
		};
/* End PBXFrameworksBuildPhase section */

/* Begin PBXGroup section */
		G_1472868786134 /* iOS */ = {
			isa = PBXGroup;
			children = (
			);
			path = iOS;
			sourceTree = "<group>";
		};
		G_1707123866726 /* Result */ = {
			isa = PBXGroup;
			children = (
				G_7537428622182 /* Core */,
			);
			path = Result;
			sourceTree = "<group>";
		};
		G_2149249331125 /* ResultUnitTests */ = {
			isa = PBXGroup;
			children = (
				G_8881857004629 /* Core */,
				G_8201470609198 /* iOS */,
				G_8697946936973 /* macOS */,
				G_8663552510736 /* tvOS */,
				G_3969329702168 /* watchOS */,
			);
			path = ResultUnitTests;
			sourceTree = "<group>";
		};
		G_3969329702168 /* watchOS */ = {
			isa = PBXGroup;
			children = (
			);
			path = watchOS;
			sourceTree = "<group>";
		};
		G_4799464745106 /* Tests */ = {
			isa = PBXGroup;
			children = (
				G_5185726791623 /* Resources */,
				G_2149249331125 /* ResultUnitTests */,
				FR_292304349049 /* LinuxMain.swift */,
			);
			path = Tests;
			sourceTree = "<group>";
		};
		G_4894127027575 /* Result */ = {
			isa = PBXGroup;
			children = (
				G_8962489416126 /* Core */,
				G_1472868786134 /* iOS */,
				G_6804191593047 /* macOS */,
				G_8962398539220 /* tvOS */,
				G_7625493412749 /* watchOS */,
			);
			path = Result;
			sourceTree = "<group>";
		};
		G_5185726791623 /* Resources */ = {
			isa = PBXGroup;
			children = (
				G_1707123866726 /* Result */,
			);
			path = Resources;
			sourceTree = "<group>";
		};
		G_5438258396778 /* Core */ = {
			isa = PBXGroup;
			children = (
				FR_894718268844 /* Info.plist */,
				FR_196243501954 /* Result.h */,
			);
			path = Core;
			sourceTree = "<group>";
		};
		G_5968342420299 /* Result */ = {
			isa = PBXGroup;
			children = (
				G_5438258396778 /* Core */,
			);
			path = Result;
			sourceTree = "<group>";
		};
		G_6804191593047 /* macOS */ = {
			isa = PBXGroup;
			children = (
			);
			path = macOS;
			sourceTree = "<group>";
		};
		G_7189434949822 /* Resources */ = {
			isa = PBXGroup;
			children = (
				G_5968342420299 /* Result */,
			);
			path = Resources;
			sourceTree = "<group>";
		};
		G_7537428622182 /* Core */ = {
			isa = PBXGroup;
			children = (
				FR_318262793922 /* Info.plist */,
			);
			path = Core;
			sourceTree = "<group>";
		};
		G_7625493412749 /* watchOS */ = {
			isa = PBXGroup;
			children = (
			);
			path = watchOS;
			sourceTree = "<group>";
		};
		G_8201470609198 /* iOS */ = {
			isa = PBXGroup;
			children = (
			);
			path = iOS;
			sourceTree = "<group>";
		};
		G_8448771205358 = {
			isa = PBXGroup;
			children = (
				G_8620238527590 /* Products */,
				G_7189434949822 /* Resources */,
				G_8934779235101 /* Sources */,
				G_4799464745106 /* Tests */,
			);
			indentWidth = 2;
			sourceTree = "<group>";
			usesTabs = 0;
		};
		G_8620238527590 /* Products */ = {
			isa = PBXGroup;
			children = (
				FR_758891112792 /* Result.framework */,
				FR_404829017433 /* Result.framework */,
				FR_631844108861 /* Result.framework */,
				FR_339618621853 /* Result.framework */,
				FR_179172433709 /* ResultUnitTests.xctest */,
				FR_916371315672 /* ResultUnitTests.xctest */,
				FR_427474971891 /* ResultUnitTests.xctest */,
				FR_791774305623 /* ResultUnitTests.xctest */,
			);
			name = Products;
			sourceTree = "<group>";
		};
		G_8663552510736 /* tvOS */ = {
			isa = PBXGroup;
			children = (
			);
			path = tvOS;
			sourceTree = "<group>";
		};
		G_8697946936973 /* macOS */ = {
			isa = PBXGroup;
			children = (
			);
			path = macOS;
			sourceTree = "<group>";
		};
		G_8881857004629 /* Core */ = {
			isa = PBXGroup;
			children = (
				FR_513564295208 /* AnyErrorTests.swift */,
				FR_669259574524 /* NoErrorTests.swift */,
				FR_816146312062 /* ResultTests.swift */,
			);
			path = Core;
			sourceTree = "<group>";
		};
		G_8934779235101 /* Sources */ = {
			isa = PBXGroup;
			children = (
				G_4894127027575 /* Result */,
			);
			path = Sources;
			sourceTree = "<group>";
		};
		G_8962398539220 /* tvOS */ = {
			isa = PBXGroup;
			children = (
			);
			path = tvOS;
			sourceTree = "<group>";
		};
		G_8962489416126 /* Core */ = {
			isa = PBXGroup;
			children = (
				FR_337467617630 /* AnyError.swift */,
				FR_158575073795 /* NoError.swift */,
				FR_750084683038 /* Result.ext.swift */,
				FR_646323693717 /* Result.swift */,
				FR_741487729220 /* ResultProtocol.swift */,
			);
			path = Core;
			sourceTree = "<group>";
		};
/* End PBXGroup section */

/* Begin PBXNativeTarget section */
		NT_179172433709 /* ResultUnitTests-watchOS */ = {
			isa = PBXNativeTarget;
			buildConfigurationList = CL_179172433709 /* Build configuration list for PBXNativeTarget "ResultUnitTests-watchOS" */;
			buildPhases = (
				SBP_17917243370 /* Sources */,
				FBP_17917243370 /* Frameworks */,
			);
			buildRules = (
			);
			dependencies = (
				TD_218612484024 /* PBXTargetDependency */,
			);
			name = "ResultUnitTests-watchOS";
			productName = "ResultUnitTests-watchOS";
			productReference = FR_179172433709 /* ResultUnitTests.xctest */;
			productType = "com.apple.product-type.bundle.unit-test";
		};
		NT_339618621853 /* Result-macOS */ = {
			isa = PBXNativeTarget;
			buildConfigurationList = CL_339618621853 /* Build configuration list for PBXNativeTarget "Result-macOS" */;
			buildPhases = (
				SBP_33961862185 /* Sources */,
			);
			buildRules = (
			);
			dependencies = (
			);
			name = "Result-macOS";
			productName = "Result-macOS";
			productReference = FR_339618621853 /* Result.framework */;
			productType = "com.apple.product-type.framework";
		};
		NT_404829017433 /* Result-iOS */ = {
			isa = PBXNativeTarget;
			buildConfigurationList = CL_404829017433 /* Build configuration list for PBXNativeTarget "Result-iOS" */;
			buildPhases = (
				SBP_40482901743 /* Sources */,
			);
			buildRules = (
			);
			dependencies = (
			);
			name = "Result-iOS";
			productName = "Result-iOS";
			productReference = FR_404829017433 /* Result.framework */;
			productType = "com.apple.product-type.framework";
		};
		NT_427474971891 /* ResultUnitTests-tvOS */ = {
			isa = PBXNativeTarget;
			buildConfigurationList = CL_427474971891 /* Build configuration list for PBXNativeTarget "ResultUnitTests-tvOS" */;
			buildPhases = (
				SBP_42747497189 /* Sources */,
				FBP_42747497189 /* Frameworks */,
			);
			buildRules = (
			);
			dependencies = (
				TD_158972979383 /* PBXTargetDependency */,
			);
			name = "ResultUnitTests-tvOS";
			productName = "ResultUnitTests-tvOS";
			productReference = FR_427474971891 /* ResultUnitTests.xctest */;
			productType = "com.apple.product-type.bundle.unit-test";
		};
		NT_631844108861 /* Result-tvOS */ = {
			isa = PBXNativeTarget;
			buildConfigurationList = CL_631844108861 /* Build configuration list for PBXNativeTarget "Result-tvOS" */;
			buildPhases = (
				SBP_63184410886 /* Sources */,
			);
			buildRules = (
			);
			dependencies = (
			);
			name = "Result-tvOS";
			productName = "Result-tvOS";
			productReference = FR_631844108861 /* Result.framework */;
			productType = "com.apple.product-type.framework";
		};
		NT_758891112792 /* Result-watchOS */ = {
			isa = PBXNativeTarget;
			buildConfigurationList = CL_758891112792 /* Build configuration list for PBXNativeTarget "Result-watchOS" */;
			buildPhases = (
				SBP_75889111279 /* Sources */,
			);
			buildRules = (
			);
			dependencies = (
			);
			name = "Result-watchOS";
			productName = "Result-watchOS";
			productReference = FR_758891112792 /* Result.framework */;
			productType = "com.apple.product-type.framework";
		};
		NT_791774305623 /* ResultUnitTests-iOS */ = {
			isa = PBXNativeTarget;
			buildConfigurationList = CL_791774305623 /* Build configuration list for PBXNativeTarget "ResultUnitTests-iOS" */;
			buildPhases = (
				SBP_79177430562 /* Sources */,
				FBP_79177430562 /* Frameworks */,
			);
			buildRules = (
			);
			dependencies = (
				TD_530512607595 /* PBXTargetDependency */,
			);
			name = "ResultUnitTests-iOS";
			productName = "ResultUnitTests-iOS";
			productReference = FR_791774305623 /* ResultUnitTests.xctest */;
			productType = "com.apple.product-type.bundle.unit-test";
		};
		NT_916371315672 /* ResultUnitTests-macOS */ = {
			isa = PBXNativeTarget;
			buildConfigurationList = CL_916371315672 /* Build configuration list for PBXNativeTarget "ResultUnitTests-macOS" */;
			buildPhases = (
				SBP_91637131567 /* Sources */,
				FBP_91637131567 /* Frameworks */,
			);
			buildRules = (
			);
			dependencies = (
				TD_231102327635 /* PBXTargetDependency */,
			);
			name = "ResultUnitTests-macOS";
			productName = "ResultUnitTests-macOS";
			productReference = FR_916371315672 /* ResultUnitTests.xctest */;
			productType = "com.apple.product-type.bundle.unit-test";
		};
/* End PBXNativeTarget section */

/* Begin PBXProject section */
		P_4791989303357 /* Project object */ = {
			isa = PBXProject;
			attributes = {
				LastUpgradeCheck = 0920;
			};
			buildConfigurationList = CL_479198930335 /* Build configuration list for PBXProject "Result" */;
			compatibilityVersion = "Xcode 3.2";
			developmentRegion = en;
			hasScannedForEncodings = 0;
			knownRegions = (
				en,
			);
			mainGroup = G_8448771205358;
			projectDirPath = "";
			projectRoot = "";
			targets = (
				NT_404829017433 /* Result-iOS */,
				NT_339618621853 /* Result-macOS */,
				NT_631844108861 /* Result-tvOS */,
				NT_758891112792 /* Result-watchOS */,
				NT_791774305623 /* ResultUnitTests-iOS */,
				NT_916371315672 /* ResultUnitTests-macOS */,
				NT_427474971891 /* ResultUnitTests-tvOS */,
				NT_179172433709 /* ResultUnitTests-watchOS */,
			);
		};
/* End PBXProject section */

/* Begin PBXSourcesBuildPhase section */
		SBP_17917243370 /* Sources */ = {
			isa = PBXSourcesBuildPhase;
			buildActionMask = 2147483647;
			files = (
				BF_417930964006 /* AnyErrorTests.swift in Sources */,
				BF_501991730685 /* NoErrorTests.swift in Sources */,
				BF_279110772354 /* ResultTests.swift in Sources */,
			);
			runOnlyForDeploymentPostprocessing = 0;
		};
		SBP_33961862185 /* Sources */ = {
			isa = PBXSourcesBuildPhase;
			buildActionMask = 2147483647;
			files = (
				BF_252318104934 /* AnyError.swift in Sources */,
				BF_272866725030 /* NoError.swift in Sources */,
				BF_548305142311 /* Result.ext.swift in Sources */,
				BF_125182678533 /* Result.swift in Sources */,
				BF_632306589804 /* ResultProtocol.swift in Sources */,
			);
			runOnlyForDeploymentPostprocessing = 0;
		};
		SBP_40482901743 /* Sources */ = {
			isa = PBXSourcesBuildPhase;
			buildActionMask = 2147483647;
			files = (
				BF_322196795942 /* AnyError.swift in Sources */,
				BF_566096842515 /* NoError.swift in Sources */,
				BF_697615428498 /* Result.ext.swift in Sources */,
				BF_575563759394 /* Result.swift in Sources */,
				BF_812834124961 /* ResultProtocol.swift in Sources */,
			);
			runOnlyForDeploymentPostprocessing = 0;
		};
		SBP_42747497189 /* Sources */ = {
			isa = PBXSourcesBuildPhase;
			buildActionMask = 2147483647;
			files = (
				BF_677787861498 /* AnyErrorTests.swift in Sources */,
				BF_144785496761 /* NoErrorTests.swift in Sources */,
				BF_163877010863 /* ResultTests.swift in Sources */,
			);
			runOnlyForDeploymentPostprocessing = 0;
		};
		SBP_63184410886 /* Sources */ = {
			isa = PBXSourcesBuildPhase;
			buildActionMask = 2147483647;
			files = (
				BF_310889234948 /* AnyError.swift in Sources */,
				BF_489309951401 /* NoError.swift in Sources */,
				BF_254653114916 /* Result.ext.swift in Sources */,
				BF_906281411589 /* Result.swift in Sources */,
				BF_221591662814 /* ResultProtocol.swift in Sources */,
			);
			runOnlyForDeploymentPostprocessing = 0;
		};
		SBP_75889111279 /* Sources */ = {
			isa = PBXSourcesBuildPhase;
			buildActionMask = 2147483647;
			files = (
				BF_230874618760 /* AnyError.swift in Sources */,
				BF_854930160747 /* NoError.swift in Sources */,
				BF_227992337918 /* Result.ext.swift in Sources */,
				BF_132604212578 /* Result.swift in Sources */,
				BF_869374758680 /* ResultProtocol.swift in Sources */,
			);
			runOnlyForDeploymentPostprocessing = 0;
		};
		SBP_79177430562 /* Sources */ = {
			isa = PBXSourcesBuildPhase;
			buildActionMask = 2147483647;
			files = (
				BF_838305814990 /* AnyErrorTests.swift in Sources */,
				BF_221697411487 /* NoErrorTests.swift in Sources */,
				BF_889790553104 /* ResultTests.swift in Sources */,
			);
			runOnlyForDeploymentPostprocessing = 0;
		};
		SBP_91637131567 /* Sources */ = {
			isa = PBXSourcesBuildPhase;
			buildActionMask = 2147483647;
			files = (
				BF_289926091196 /* AnyErrorTests.swift in Sources */,
				BF_626413741972 /* NoErrorTests.swift in Sources */,
				BF_669571159601 /* ResultTests.swift in Sources */,
			);
			runOnlyForDeploymentPostprocessing = 0;
		};
/* End PBXSourcesBuildPhase section */

/* Begin PBXTargetDependency section */
		TD_158972979383 /* PBXTargetDependency */ = {
			isa = PBXTargetDependency;
			target = NT_631844108861 /* Result-tvOS */;
			targetProxy = CIP_42747497189 /* PBXContainerItemProxy */;
		};
		TD_218612484024 /* PBXTargetDependency */ = {
			isa = PBXTargetDependency;
			target = NT_758891112792 /* Result-watchOS */;
			targetProxy = CIP_17917243370 /* PBXContainerItemProxy */;
		};
		TD_231102327635 /* PBXTargetDependency */ = {
			isa = PBXTargetDependency;
			target = NT_339618621853 /* Result-macOS */;
			targetProxy = CIP_91637131567 /* PBXContainerItemProxy */;
		};
		TD_530512607595 /* PBXTargetDependency */ = {
			isa = PBXTargetDependency;
			target = NT_404829017433 /* Result-iOS */;
			targetProxy = CIP_79177430562 /* PBXContainerItemProxy */;
		};
/* End PBXTargetDependency section */

/* Begin XCBuildConfiguration section */
		BC_189295346555 /* Release */ = {
			isa = XCBuildConfiguration;
			buildSettings = {
				CODE_SIGN_IDENTITY = "";
				CURRENT_PROJECT_VERSION = 1;
				DEFINES_MODULE = YES;
				DYLIB_COMPATIBILITY_VERSION = 1;
				DYLIB_CURRENT_VERSION = 1;
				DYLIB_INSTALL_NAME_BASE = "@rpath";
				ENABLE_TESTABILITY = YES;
				INFOPLIST_FILE = Resources/Result/Core/Info.plist;
				INSTALL_PATH = "$(LOCAL_LIBRARY_DIR)/Frameworks";
				LD_RUNPATH_SEARCH_PATHS = "$(inherited) @executable_path/Frameworks";
				PRODUCT_BUNDLE_IDENTIFIER = "io.thecb4.Result-iOS";
				PRODUCT_NAME = Result;
				SDKROOT = iphoneos;
				SKIP_INSTALL = YES;
				TARGETED_DEVICE_FAMILY = "1,2";
				VERSIONING_SYSTEM = "apple-generic";
			};
			name = Release;
		};
		BC_193863499844 /* Release */ = {
			isa = XCBuildConfiguration;
			buildSettings = {
				CODE_SIGN_IDENTITY = "";
				COMBINE_HIDPI_IMAGES = YES;
				CURRENT_PROJECT_VERSION = 1;
				DEFINES_MODULE = YES;
				DYLIB_COMPATIBILITY_VERSION = 1;
				DYLIB_CURRENT_VERSION = 1;
				DYLIB_INSTALL_NAME_BASE = "@rpath";
				ENABLE_TESTABILITY = YES;
				INFOPLIST_FILE = Resources/Result/Core/Info.plist;
				INSTALL_PATH = "$(LOCAL_LIBRARY_DIR)/Frameworks";
				LD_RUNPATH_SEARCH_PATHS = "$(inherited) @executable_path/../Frameworks";
				PRODUCT_BUNDLE_IDENTIFIER = "io.thecb4.Result-macOS";
				PRODUCT_NAME = Result;
				SDKROOT = macosx;
				SKIP_INSTALL = YES;
				VERSIONING_SYSTEM = "apple-generic";
			};
			name = Release;
		};
		BC_257554758786 /* Release */ = {
			isa = XCBuildConfiguration;
			buildSettings = {
				BUNDLE_LOADER = "$(TEST_HOST)";
				INFOPLIST_FILE = Tests/Resources/Result/Core/Info.plist;
				LD_RUNPATH_SEARCH_PATHS = "$(inherited) @executable_path/Frameworks @loader_path/Frameworks";
				PRODUCT_BUNDLE_IDENTIFIER = "io.thecb4.ResultUnitTests-iOS";
				PRODUCT_NAME = ResultUnitTests;
				SDKROOT = iphoneos;
				TARGETED_DEVICE_FAMILY = "1,2";
			};
			name = Release;
		};
		BC_281107482158 /* Debug */ = {
			isa = XCBuildConfiguration;
			buildSettings = {
				CODE_SIGN_IDENTITY = "";
				COMBINE_HIDPI_IMAGES = YES;
				CURRENT_PROJECT_VERSION = 1;
				DEFINES_MODULE = YES;
				DYLIB_COMPATIBILITY_VERSION = 1;
				DYLIB_CURRENT_VERSION = 1;
				DYLIB_INSTALL_NAME_BASE = "@rpath";
				ENABLE_TESTABILITY = YES;
				INFOPLIST_FILE = Resources/Result/Core/Info.plist;
				INSTALL_PATH = "$(LOCAL_LIBRARY_DIR)/Frameworks";
				LD_RUNPATH_SEARCH_PATHS = "$(inherited) @executable_path/../Frameworks";
				PRODUCT_BUNDLE_IDENTIFIER = "io.thecb4.Result-macOS";
				PRODUCT_NAME = Result;
				SDKROOT = macosx;
				SKIP_INSTALL = YES;
				VERSIONING_SYSTEM = "apple-generic";
			};
			name = Debug;
		};
		BC_294471084204 /* Debug */ = {
			isa = XCBuildConfiguration;
			buildSettings = {
				CODE_SIGN_IDENTITY = "";
				CURRENT_PROJECT_VERSION = 1;
				DEFINES_MODULE = YES;
				DYLIB_COMPATIBILITY_VERSION = 1;
				DYLIB_CURRENT_VERSION = 1;
				DYLIB_INSTALL_NAME_BASE = "@rpath";
				ENABLE_TESTABILITY = YES;
				INFOPLIST_FILE = Resources/Result/Core/Info.plist;
				INSTALL_PATH = "$(LOCAL_LIBRARY_DIR)/Frameworks";
				LD_RUNPATH_SEARCH_PATHS = "$(inherited) @executable_path/Frameworks";
				PRODUCT_BUNDLE_IDENTIFIER = "io.thecb4.Result-iOS";
				PRODUCT_NAME = Result;
				SDKROOT = iphoneos;
				SKIP_INSTALL = YES;
				TARGETED_DEVICE_FAMILY = "1,2";
				VERSIONING_SYSTEM = "apple-generic";
			};
			name = Debug;
		};
		BC_318576199321 /* Debug */ = {
			isa = XCBuildConfiguration;
			buildSettings = {
				CODE_SIGN_IDENTITY = "";
				CURRENT_PROJECT_VERSION = 1;
				DEFINES_MODULE = YES;
				DYLIB_COMPATIBILITY_VERSION = 1;
				DYLIB_CURRENT_VERSION = 1;
				DYLIB_INSTALL_NAME_BASE = "@rpath";
				ENABLE_TESTABILITY = YES;
				INFOPLIST_FILE = Resources/Result/Core/Info.plist;
				INSTALL_PATH = "$(LOCAL_LIBRARY_DIR)/Frameworks";
				PRODUCT_BUNDLE_IDENTIFIER = "io.thecb4.Result-watchOS";
				PRODUCT_NAME = Result;
				SDKROOT = watchos;
				SKIP_INSTALL = YES;
				TARGETED_DEVICE_FAMILY = 4;
				VERSIONING_SYSTEM = "apple-generic";
			};
			name = Debug;
		};
		BC_364866171563 /* Release */ = {
			isa = XCBuildConfiguration;
			buildSettings = {
				CODE_SIGN_IDENTITY = "";
				CURRENT_PROJECT_VERSION = 1;
				DEFINES_MODULE = YES;
				DYLIB_COMPATIBILITY_VERSION = 1;
				DYLIB_CURRENT_VERSION = 1;
				DYLIB_INSTALL_NAME_BASE = "@rpath";
				ENABLE_TESTABILITY = YES;
				INFOPLIST_FILE = Resources/Result/Core/Info.plist;
				INSTALL_PATH = "$(LOCAL_LIBRARY_DIR)/Frameworks";
				LD_RUNPATH_SEARCH_PATHS = "$(inherited) @executable_path/Frameworks";
				PRODUCT_BUNDLE_IDENTIFIER = "io.thecb4.Result-tvOS";
				PRODUCT_NAME = Result;
				SDKROOT = appletvos;
				SKIP_INSTALL = YES;
				TARGETED_DEVICE_FAMILY = 3;
				VERSIONING_SYSTEM = "apple-generic";
			};
			name = Release;
		};
		BC_369796854773 /* Debug */ = {
			isa = XCBuildConfiguration;
			buildSettings = {
				CODE_SIGN_IDENTITY = "";
				CURRENT_PROJECT_VERSION = 1;
				DEFINES_MODULE = YES;
				DYLIB_COMPATIBILITY_VERSION = 1;
				DYLIB_CURRENT_VERSION = 1;
				DYLIB_INSTALL_NAME_BASE = "@rpath";
				ENABLE_TESTABILITY = YES;
				INFOPLIST_FILE = Resources/Result/Core/Info.plist;
				INSTALL_PATH = "$(LOCAL_LIBRARY_DIR)/Frameworks";
				LD_RUNPATH_SEARCH_PATHS = "$(inherited) @executable_path/Frameworks";
				PRODUCT_BUNDLE_IDENTIFIER = "io.thecb4.Result-tvOS";
				PRODUCT_NAME = Result;
				SDKROOT = appletvos;
				SKIP_INSTALL = YES;
				TARGETED_DEVICE_FAMILY = 3;
				VERSIONING_SYSTEM = "apple-generic";
			};
			name = Debug;
		};
		BC_479945831424 /* Debug */ = {
			isa = XCBuildConfiguration;
			buildSettings = {
				ALWAYS_SEARCH_USER_PATHS = NO;
				CLANG_ANALYZER_NONNULL = YES;
				CLANG_ANALYZER_NUMBER_OBJECT_CONVERSION = YES_AGGRESSIVE;
				CLANG_CXX_LANGUAGE_STANDARD = "gnu++14";
				CLANG_CXX_LIBRARY = "libc++";
				CLANG_ENABLE_MODULES = YES;
				CLANG_ENABLE_OBJC_ARC = YES;
				CLANG_WARN_BLOCK_CAPTURE_AUTORELEASING = YES;
				CLANG_WARN_BOOL_CONVERSION = YES;
				CLANG_WARN_COMMA = YES;
				CLANG_WARN_CONSTANT_CONVERSION = YES;
				CLANG_WARN_DIRECT_OBJC_ISA_USAGE = YES_ERROR;
				CLANG_WARN_DOCUMENTATION_COMMENTS = YES;
				CLANG_WARN_EMPTY_BODY = YES;
				CLANG_WARN_ENUM_CONVERSION = YES;
				CLANG_WARN_INFINITE_RECURSION = YES;
				CLANG_WARN_INT_CONVERSION = YES;
				CLANG_WARN_NON_LITERAL_NULL_CONVERSION = YES;
				CLANG_WARN_OBJC_LITERAL_CONVERSION = YES;
				CLANG_WARN_OBJC_ROOT_CLASS = YES_ERROR;
				CLANG_WARN_RANGE_LOOP_ANALYSIS = YES;
				CLANG_WARN_STRICT_PROTOTYPES = YES;
				CLANG_WARN_SUSPICIOUS_MOVE = YES;
				CLANG_WARN_UNGUARDED_AVAILABILITY = YES_AGGRESSIVE;
				CLANG_WARN_UNREACHABLE_CODE = YES;
				CLANG_WARN__DUPLICATE_METHOD_MATCH = YES;
				COPY_PHASE_STRIP = NO;
				DEBUG_INFORMATION_FORMAT = dwarf;
				ENABLE_STRICT_OBJC_MSGSEND = YES;
				ENABLE_TESTABILITY = YES;
				GCC_C_LANGUAGE_STANDARD = gnu11;
				GCC_DYNAMIC_NO_PIC = NO;
				GCC_NO_COMMON_BLOCKS = YES;
				GCC_OPTIMIZATION_LEVEL = 0;
				GCC_PREPROCESSOR_DEFINITIONS = (
					"$(inherited)",
					"DEBUG=1",
				);
				GCC_WARN_64_TO_32_BIT_CONVERSION = YES;
				GCC_WARN_ABOUT_RETURN_TYPE = YES_ERROR;
				GCC_WARN_UNDECLARED_SELECTOR = YES;
				GCC_WARN_UNINITIALIZED_AUTOS = YES_AGGRESSIVE;
				GCC_WARN_UNUSED_FUNCTION = YES;
				GCC_WARN_UNUSED_VARIABLE = YES;
				MTL_ENABLE_DEBUG_INFO = YES;
				ONLY_ACTIVE_ARCH = YES;
				PRODUCT_NAME = "$(TARGET_NAME)";
				SWIFT_ACTIVE_COMPILATION_CONDITIONS = DEBUG;
				SWIFT_OPTIMIZATION_LEVEL = "-Onone";
				SWIFT_VERSION = 4.0;
			};
			name = Debug;
		};
		BC_481552797539 /* Debug */ = {
			isa = XCBuildConfiguration;
			buildSettings = {
				BUNDLE_LOADER = "$(TEST_HOST)";
				INFOPLIST_FILE = Tests/Resources/Result/Core/Info.plist;
				LD_RUNPATH_SEARCH_PATHS = "$(inherited) @executable_path/Frameworks @loader_path/Frameworks";
				PRODUCT_BUNDLE_IDENTIFIER = "io.thecb4.ResultUnitTests-watchOS";
				PRODUCT_NAME = ResultUnitTests;
				SDKROOT = watchos;
				SKIP_INSTALL = YES;
				TARGETED_DEVICE_FAMILY = 4;
			};
			name = Debug;
		};
		BC_524650030686 /* Release */ = {
			isa = XCBuildConfiguration;
			buildSettings = {
				BUNDLE_LOADER = "$(TEST_HOST)";
				COMBINE_HIDPI_IMAGES = YES;
				INFOPLIST_FILE = Tests/Resources/Result/Core/Info.plist;
				LD_RUNPATH_SEARCH_PATHS = "$(inherited) @executable_path/../Frameworks @loader_path/../Frameworks";
				PRODUCT_BUNDLE_IDENTIFIER = "io.thecb4.ResultUnitTests-macOS";
				PRODUCT_NAME = ResultUnitTests;
				SDKROOT = macosx;
			};
			name = Release;
		};
		BC_572336197959 /* Release */ = {
			isa = XCBuildConfiguration;
			buildSettings = {
				CODE_SIGN_IDENTITY = "";
				CURRENT_PROJECT_VERSION = 1;
				DEFINES_MODULE = YES;
				DYLIB_COMPATIBILITY_VERSION = 1;
				DYLIB_CURRENT_VERSION = 1;
				DYLIB_INSTALL_NAME_BASE = "@rpath";
				ENABLE_TESTABILITY = YES;
				INFOPLIST_FILE = Resources/Result/Core/Info.plist;
				INSTALL_PATH = "$(LOCAL_LIBRARY_DIR)/Frameworks";
				PRODUCT_BUNDLE_IDENTIFIER = "io.thecb4.Result-watchOS";
				PRODUCT_NAME = Result;
				SDKROOT = watchos;
				SKIP_INSTALL = YES;
				TARGETED_DEVICE_FAMILY = 4;
				VERSIONING_SYSTEM = "apple-generic";
			};
			name = Release;
		};
		BC_595113665084 /* Debug */ = {
			isa = XCBuildConfiguration;
			buildSettings = {
				BUNDLE_LOADER = "$(TEST_HOST)";
				INFOPLIST_FILE = Tests/Resources/Result/Core/Info.plist;
				LD_RUNPATH_SEARCH_PATHS = "$(inherited) @executable_path/Frameworks @loader_path/Frameworks";
				PRODUCT_BUNDLE_IDENTIFIER = "io.thecb4.ResultUnitTests-iOS";
				PRODUCT_NAME = ResultUnitTests;
				SDKROOT = iphoneos;
				TARGETED_DEVICE_FAMILY = "1,2";
			};
			name = Debug;
		};
		BC_658053456447 /* Debug */ = {
			isa = XCBuildConfiguration;
			buildSettings = {
				BUNDLE_LOADER = "$(TEST_HOST)";
				INFOPLIST_FILE = Tests/Resources/Result/Core/Info.plist;
				LD_RUNPATH_SEARCH_PATHS = "$(inherited) @executable_path/Frameworks @loader_path/Frameworks";
				PRODUCT_BUNDLE_IDENTIFIER = "io.thecb4.ResultUnitTests-tvOS";
				PRODUCT_NAME = ResultUnitTests;
				SDKROOT = appletvos;
				TARGETED_DEVICE_FAMILY = 3;
			};
			name = Debug;
		};
		BC_760951711046 /* Release */ = {
			isa = XCBuildConfiguration;
			buildSettings = {
				BUNDLE_LOADER = "$(TEST_HOST)";
				INFOPLIST_FILE = Tests/Resources/Result/Core/Info.plist;
				LD_RUNPATH_SEARCH_PATHS = "$(inherited) @executable_path/Frameworks @loader_path/Frameworks";
				PRODUCT_BUNDLE_IDENTIFIER = "io.thecb4.ResultUnitTests-tvOS";
				PRODUCT_NAME = ResultUnitTests;
				SDKROOT = appletvos;
				TARGETED_DEVICE_FAMILY = 3;
			};
			name = Release;
		};
		BC_783350928620 /* Debug */ = {
			isa = XCBuildConfiguration;
			buildSettings = {
				BUNDLE_LOADER = "$(TEST_HOST)";
				COMBINE_HIDPI_IMAGES = YES;
				INFOPLIST_FILE = Tests/Resources/Result/Core/Info.plist;
				LD_RUNPATH_SEARCH_PATHS = "$(inherited) @executable_path/../Frameworks @loader_path/../Frameworks";
				PRODUCT_BUNDLE_IDENTIFIER = "io.thecb4.ResultUnitTests-macOS";
				PRODUCT_NAME = ResultUnitTests;
				SDKROOT = macosx;
			};
			name = Debug;
		};
		BC_881114754245 /* Release */ = {
			isa = XCBuildConfiguration;
			buildSettings = {
				ALWAYS_SEARCH_USER_PATHS = NO;
				CLANG_ANALYZER_NONNULL = YES;
				CLANG_ANALYZER_NUMBER_OBJECT_CONVERSION = YES_AGGRESSIVE;
				CLANG_CXX_LANGUAGE_STANDARD = "gnu++14";
				CLANG_CXX_LIBRARY = "libc++";
				CLANG_ENABLE_MODULES = YES;
				CLANG_ENABLE_OBJC_ARC = YES;
				CLANG_WARN_BLOCK_CAPTURE_AUTORELEASING = YES;
				CLANG_WARN_BOOL_CONVERSION = YES;
				CLANG_WARN_COMMA = YES;
				CLANG_WARN_CONSTANT_CONVERSION = YES;
				CLANG_WARN_DIRECT_OBJC_ISA_USAGE = YES_ERROR;
				CLANG_WARN_DOCUMENTATION_COMMENTS = YES;
				CLANG_WARN_EMPTY_BODY = YES;
				CLANG_WARN_ENUM_CONVERSION = YES;
				CLANG_WARN_INFINITE_RECURSION = YES;
				CLANG_WARN_INT_CONVERSION = YES;
				CLANG_WARN_NON_LITERAL_NULL_CONVERSION = YES;
				CLANG_WARN_OBJC_LITERAL_CONVERSION = YES;
				CLANG_WARN_OBJC_ROOT_CLASS = YES_ERROR;
				CLANG_WARN_RANGE_LOOP_ANALYSIS = YES;
				CLANG_WARN_STRICT_PROTOTYPES = YES;
				CLANG_WARN_SUSPICIOUS_MOVE = YES;
				CLANG_WARN_UNGUARDED_AVAILABILITY = YES_AGGRESSIVE;
				CLANG_WARN_UNREACHABLE_CODE = YES;
				CLANG_WARN__DUPLICATE_METHOD_MATCH = YES;
				COPY_PHASE_STRIP = NO;
				DEBUG_INFORMATION_FORMAT = "dwarf-with-dsym";
				ENABLE_NS_ASSERTIONS = NO;
				ENABLE_STRICT_OBJC_MSGSEND = YES;
				GCC_C_LANGUAGE_STANDARD = gnu11;
				GCC_NO_COMMON_BLOCKS = YES;
				GCC_WARN_64_TO_32_BIT_CONVERSION = YES;
				GCC_WARN_ABOUT_RETURN_TYPE = YES_ERROR;
				GCC_WARN_UNDECLARED_SELECTOR = YES;
				GCC_WARN_UNINITIALIZED_AUTOS = YES_AGGRESSIVE;
				GCC_WARN_UNUSED_FUNCTION = YES;
				GCC_WARN_UNUSED_VARIABLE = YES;
				PRODUCT_NAME = "$(TARGET_NAME)";
				SWIFT_OPTIMIZATION_LEVEL = "-Owholemodule";
				SWIFT_VERSION = 4.0;
				VALIDATE_PRODUCT = YES;
			};
			name = Release;
		};
		BC_907771597416 /* Release */ = {
			isa = XCBuildConfiguration;
			buildSettings = {
				BUNDLE_LOADER = "$(TEST_HOST)";
				INFOPLIST_FILE = Tests/Resources/Result/Core/Info.plist;
				LD_RUNPATH_SEARCH_PATHS = "$(inherited) @executable_path/Frameworks @loader_path/Frameworks";
				PRODUCT_BUNDLE_IDENTIFIER = "io.thecb4.ResultUnitTests-watchOS";
				PRODUCT_NAME = ResultUnitTests;
				SDKROOT = watchos;
				SKIP_INSTALL = YES;
				TARGETED_DEVICE_FAMILY = 4;
			};
			name = Release;
		};
/* End XCBuildConfiguration section */

/* Begin XCConfigurationList section */
		CL_179172433709 /* Build configuration list for PBXNativeTarget "ResultUnitTests-watchOS" */ = {
			isa = XCConfigurationList;
			buildConfigurations = (
				BC_481552797539 /* Debug */,
				BC_907771597416 /* Release */,
			);
			defaultConfigurationIsVisible = 0;
			defaultConfigurationName = "";
		};
		CL_339618621853 /* Build configuration list for PBXNativeTarget "Result-macOS" */ = {
			isa = XCConfigurationList;
			buildConfigurations = (
				BC_281107482158 /* Debug */,
				BC_193863499844 /* Release */,
			);
			defaultConfigurationIsVisible = 0;
			defaultConfigurationName = "";
		};
		CL_404829017433 /* Build configuration list for PBXNativeTarget "Result-iOS" */ = {
			isa = XCConfigurationList;
			buildConfigurations = (
				BC_294471084204 /* Debug */,
				BC_189295346555 /* Release */,
			);
			defaultConfigurationIsVisible = 0;
			defaultConfigurationName = "";
		};
		CL_427474971891 /* Build configuration list for PBXNativeTarget "ResultUnitTests-tvOS" */ = {
			isa = XCConfigurationList;
			buildConfigurations = (
				BC_658053456447 /* Debug */,
				BC_760951711046 /* Release */,
			);
			defaultConfigurationIsVisible = 0;
			defaultConfigurationName = "";
		};
		CL_479198930335 /* Build configuration list for PBXProject "Result" */ = {
			isa = XCConfigurationList;
			buildConfigurations = (
				BC_479945831424 /* Debug */,
				BC_881114754245 /* Release */,
			);
			defaultConfigurationIsVisible = 0;
			defaultConfigurationName = Debug;
		};
		CL_631844108861 /* Build configuration list for PBXNativeTarget "Result-tvOS" */ = {
			isa = XCConfigurationList;
			buildConfigurations = (
				BC_369796854773 /* Debug */,
				BC_364866171563 /* Release */,
			);
			defaultConfigurationIsVisible = 0;
			defaultConfigurationName = "";
		};
		CL_758891112792 /* Build configuration list for PBXNativeTarget "Result-watchOS" */ = {
			isa = XCConfigurationList;
			buildConfigurations = (
				BC_318576199321 /* Debug */,
				BC_572336197959 /* Release */,
			);
			defaultConfigurationIsVisible = 0;
			defaultConfigurationName = "";
		};
		CL_791774305623 /* Build configuration list for PBXNativeTarget "ResultUnitTests-iOS" */ = {
			isa = XCConfigurationList;
			buildConfigurations = (
				BC_595113665084 /* Debug */,
				BC_257554758786 /* Release */,
			);
			defaultConfigurationIsVisible = 0;
			defaultConfigurationName = "";
		};
		CL_916371315672 /* Build configuration list for PBXNativeTarget "ResultUnitTests-macOS" */ = {
			isa = XCConfigurationList;
			buildConfigurations = (
				BC_783350928620 /* Debug */,
				BC_524650030686 /* Release */,
			);
			defaultConfigurationIsVisible = 0;
			defaultConfigurationName = "";
		};
/* End XCConfigurationList section */
	};
	rootObject = P_4791989303357 /* Project object */;
}
