// !$*UTF8*$!
{
	archiveVersion = 1;
	classes = {
	};
	objectVersion = 46;
	objects = {

/* Begin PBXBuildFile section */
		BF_119441762017 /* TestEnvironment.swift in Sources */ = {isa = PBXBuildFile; fileRef = FR_427564803739 /* TestEnvironment.swift */; };
		BF_150046281459 /* Scheme.swift in Sources */ = {isa = PBXBuildFile; fileRef = FR_766984753110 /* Scheme.swift */; };
		BF_169103688492 /* Host.swift in Sources */ = {isa = PBXBuildFile; fileRef = FR_694793547704 /* Host.swift */; };
		BF_172730557857 /* TestRoutePath.swift in Sources */ = {isa = PBXBuildFile; fileRef = FR_327922330325 /* TestRoutePath.swift */; };
		BF_176450857537 /* Route.swift in Sources */ = {isa = PBXBuildFile; fileRef = FR_831789068724 /* Route.swift */; };
		BF_182460549923 /* TestScheme.swift in Sources */ = {isa = PBXBuildFile; fileRef = FR_459747902957 /* TestScheme.swift */; };
		BF_183418532493 /* TestEnvironment.swift in Sources */ = {isa = PBXBuildFile; fileRef = FR_427564803739 /* TestEnvironment.swift */; };
		BF_183659285644 /* RouterError.swift in Sources */ = {isa = PBXBuildFile; fileRef = FR_717404718372 /* RouterError.swift */; };
		BF_186134393255 /* IPv6.swift in Sources */ = {isa = PBXBuildFile; fileRef = FR_649620282369 /* IPv6.swift */; };
		BF_190786661955 /* Scheme.swift in Sources */ = {isa = PBXBuildFile; fileRef = FR_766984753110 /* Scheme.swift */; };
		BF_207587134679 /* URLSession.extension.swift in Sources */ = {isa = PBXBuildFile; fileRef = FR_898443312606 /* URLSession.extension.swift */; };
		BF_211710582611 /* Environment.swift in Sources */ = {isa = PBXBuildFile; fileRef = FR_392571183379 /* Environment.swift */; };
		BF_218541560259 /* Route.swift in Sources */ = {isa = PBXBuildFile; fileRef = FR_831789068724 /* Route.swift */; };
		BF_225211564387 /* HyperSpace.swift in Sources */ = {isa = PBXBuildFile; fileRef = FR_702630713150 /* HyperSpace.swift */; };
		BF_228570381178 /* EndPointResult.swift in Sources */ = {isa = PBXBuildFile; fileRef = FR_858429549871 /* EndPointResult.swift */; };
		BF_242513176917 /* HyperSpace.framework in Frameworks */ = {isa = PBXBuildFile; fileRef = FR_724914065238 /* HyperSpace.framework */; };
		BF_245578832169 /* Path.swift in Sources */ = {isa = PBXBuildFile; fileRef = FR_747877092124 /* Path.swift */; };
		BF_246276451401 /* URLSession.extension.swift in Sources */ = {isa = PBXBuildFile; fileRef = FR_898443312606 /* URLSession.extension.swift */; };
		BF_261071204269 /* HyperSpace.swift in Sources */ = {isa = PBXBuildFile; fileRef = FR_702630713150 /* HyperSpace.swift */; };
		BF_261847511937 /* TestMethod.swift in Sources */ = {isa = PBXBuildFile; fileRef = FR_605436387730 /* TestMethod.swift */; };
		BF_266607557997 /* Router.swift in Sources */ = {isa = PBXBuildFile; fileRef = FR_702683407012 /* Router.swift */; };
		BF_274864181325 /* RouterError.swift in Sources */ = {isa = PBXBuildFile; fileRef = FR_717404718372 /* RouterError.swift */; };
		BF_278787314889 /* Route.swift in Sources */ = {isa = PBXBuildFile; fileRef = FR_831789068724 /* Route.swift */; };
		BF_301831368807 /* TestRoute.swift in Sources */ = {isa = PBXBuildFile; fileRef = FR_296409061839 /* TestRoute.swift */; };
		BF_302320079009 /* Router.swift in Sources */ = {isa = PBXBuildFile; fileRef = FR_702683407012 /* Router.swift */; };
		BF_303381734575 /* Scheme.swift in Sources */ = {isa = PBXBuildFile; fileRef = FR_766984753110 /* Scheme.swift */; };
		BF_311580147610 /* HyperSpace.framework in Frameworks */ = {isa = PBXBuildFile; fileRef = FR_321408082364 /* HyperSpace.framework */; };
		BF_316084859244 /* EndPointResult.swift in Sources */ = {isa = PBXBuildFile; fileRef = FR_858429549871 /* EndPointResult.swift */; };
		BF_320833691732 /* TestEnvironment.swift in Sources */ = {isa = PBXBuildFile; fileRef = FR_427564803739 /* TestEnvironment.swift */; };
		BF_329010970995 /* TestRoute.swift in Sources */ = {isa = PBXBuildFile; fileRef = FR_296409061839 /* TestRoute.swift */; };
		BF_330557087906 /* Host.swift in Sources */ = {isa = PBXBuildFile; fileRef = FR_694793547704 /* Host.swift */; };
		BF_335177943568 /* Environment.swift in Sources */ = {isa = PBXBuildFile; fileRef = FR_392571183379 /* Environment.swift */; };
		BF_340160990986 /* TestMethod.swift in Sources */ = {isa = PBXBuildFile; fileRef = FR_605436387730 /* TestMethod.swift */; };
		BF_366714050507 /* TestIP.swift in Sources */ = {isa = PBXBuildFile; fileRef = FR_704812327483 /* TestIP.swift */; };
		BF_371309239328 /* TestQuery.swift in Sources */ = {isa = PBXBuildFile; fileRef = FR_757384900208 /* TestQuery.swift */; };
		BF_377946422491 /* URLSession.extension.swift in Sources */ = {isa = PBXBuildFile; fileRef = FR_898443312606 /* URLSession.extension.swift */; };
		BF_380235077390 /* Environment.swift in Sources */ = {isa = PBXBuildFile; fileRef = FR_392571183379 /* Environment.swift */; };
		BF_387666494681 /* TestRouter.swift in Sources */ = {isa = PBXBuildFile; fileRef = FR_607192944469 /* TestRouter.swift */; };
		BF_405092585448 /* Result.framework in Frameworks */ = {isa = PBXBuildFile; fileRef = FR_131384036341 /* Result.framework */; };
		"BF_405092585448-1" /* Result.framework in CopyFiles */ = {isa = PBXBuildFile; fileRef = FR_131384036341 /* Result.framework */; settings = {ATTRIBUTES = (CodeSignOnCopy, RemoveHeadersOnCopy, ); }; };
		BF_406485678706 /* Result.framework in Frameworks */ = {isa = PBXBuildFile; fileRef = FR_131384036341 /* Result.framework */; };
		"BF_406485678706-1" /* Result.framework in CopyFiles */ = {isa = PBXBuildFile; fileRef = FR_131384036341 /* Result.framework */; settings = {ATTRIBUTES = (CodeSignOnCopy, RemoveHeadersOnCopy, ); }; };
		BF_423839783885 /* Query.swift in Sources */ = {isa = PBXBuildFile; fileRef = FR_661677042048 /* Query.swift */; };
		BF_431478383219 /* TestQuery.swift in Sources */ = {isa = PBXBuildFile; fileRef = FR_757384900208 /* TestQuery.swift */; };
		BF_440327821585 /* TestRoute.swift in Sources */ = {isa = PBXBuildFile; fileRef = FR_296409061839 /* TestRoute.swift */; };
		BF_453943366681 /* Result.framework in Frameworks */ = {isa = PBXBuildFile; fileRef = FR_669811003841 /* Result.framework */; };
		BF_454083319090 /* HyperSpace.framework in Frameworks */ = {isa = PBXBuildFile; fileRef = FR_745958937782 /* HyperSpace.framework */; };
		BF_460596455029 /* TestQuery.swift in Sources */ = {isa = PBXBuildFile; fileRef = FR_757384900208 /* TestQuery.swift */; };
		BF_470163234138 /* Method.swift in Sources */ = {isa = PBXBuildFile; fileRef = FR_336265081193 /* Method.swift */; };
		BF_473291563250 /* IPv6.swift in Sources */ = {isa = PBXBuildFile; fileRef = FR_649620282369 /* IPv6.swift */; };
		BF_474488225517 /* Method.swift in Sources */ = {isa = PBXBuildFile; fileRef = FR_336265081193 /* Method.swift */; };
		BF_480859857000 /* Host.swift in Sources */ = {isa = PBXBuildFile; fileRef = FR_694793547704 /* Host.swift */; };
		BF_482565385425 /* EndPointResult.swift in Sources */ = {isa = PBXBuildFile; fileRef = FR_858429549871 /* EndPointResult.swift */; };
		BF_496075828351 /* HyperSpace_tvOS.h in Headers */ = {isa = PBXBuildFile; fileRef = FR_342317856809 /* HyperSpace_tvOS.h */; settings = {ATTRIBUTES = (Public, ); }; };
		BF_503127227952 /* TestScheme.swift in Sources */ = {isa = PBXBuildFile; fileRef = FR_459747902957 /* TestScheme.swift */; };
		BF_505041186009 /* Method.swift in Sources */ = {isa = PBXBuildFile; fileRef = FR_336265081193 /* Method.swift */; };
		BF_510567528954 /* TestEnvironment.swift in Sources */ = {isa = PBXBuildFile; fileRef = FR_427564803739 /* TestEnvironment.swift */; };
		BF_523364876307 /* TestRoutePath.swift in Sources */ = {isa = PBXBuildFile; fileRef = FR_327922330325 /* TestRoutePath.swift */; };
		BF_526975474379 /* TestIP.swift in Sources */ = {isa = PBXBuildFile; fileRef = FR_704812327483 /* TestIP.swift */; };
		BF_540294777403 /* Method.swift in Sources */ = {isa = PBXBuildFile; fileRef = FR_336265081193 /* Method.swift */; };
		BF_550318701325 /* TestQuery.swift in Sources */ = {isa = PBXBuildFile; fileRef = FR_757384900208 /* TestQuery.swift */; };
		BF_561132030614 /* Query.swift in Sources */ = {isa = PBXBuildFile; fileRef = FR_661677042048 /* Query.swift */; };
		BF_572731970123 /* TestScheme.swift in Sources */ = {isa = PBXBuildFile; fileRef = FR_459747902957 /* TestScheme.swift */; };
		BF_575792538119 /* TestRoute.swift in Sources */ = {isa = PBXBuildFile; fileRef = FR_296409061839 /* TestRoute.swift */; };
		BF_585422978734 /* TestScheme.swift in Sources */ = {isa = PBXBuildFile; fileRef = FR_459747902957 /* TestScheme.swift */; };
		BF_591222695528 /* EndPointResult.swift in Sources */ = {isa = PBXBuildFile; fileRef = FR_858429549871 /* EndPointResult.swift */; };
		BF_594022662122 /* HyperSpace.h in Headers */ = {isa = PBXBuildFile; fileRef = FR_287869458482 /* HyperSpace.h */; settings = {ATTRIBUTES = (Public, ); }; };
		BF_595748777921 /* TestEndPointResult.swift in Sources */ = {isa = PBXBuildFile; fileRef = FR_895932800706 /* TestEndPointResult.swift */; };
		BF_597418315818 /* Result.framework in Frameworks */ = {isa = PBXBuildFile; fileRef = FR_763057275314 /* Result.framework */; };
		BF_598024662448 /* TestRoutePath.swift in Sources */ = {isa = PBXBuildFile; fileRef = FR_327922330325 /* TestRoutePath.swift */; };
		BF_599444121830 /* TestRouter.swift in Sources */ = {isa = PBXBuildFile; fileRef = FR_607192944469 /* TestRouter.swift */; };
		BF_623153013463 /* Path.swift in Sources */ = {isa = PBXBuildFile; fileRef = FR_747877092124 /* Path.swift */; };
		BF_630605162186 /* Result.framework in Frameworks */ = {isa = PBXBuildFile; fileRef = FR_669811003841 /* Result.framework */; };
		BF_640569707638 /* Host.swift in Sources */ = {isa = PBXBuildFile; fileRef = FR_694793547704 /* Host.swift */; };
		BF_647714166728 /* Result.framework in Frameworks */ = {isa = PBXBuildFile; fileRef = FR_584425140013 /* Result.framework */; };
		BF_653654995292 /* Scheme.swift in Sources */ = {isa = PBXBuildFile; fileRef = FR_766984753110 /* Scheme.swift */; };
		BF_659102763135 /* Router.swift in Sources */ = {isa = PBXBuildFile; fileRef = FR_702683407012 /* Router.swift */; };
		BF_659238090422 /* IP.swift in Sources */ = {isa = PBXBuildFile; fileRef = FR_126257123812 /* IP.swift */; };
		BF_660653273075 /* TestMethod.swift in Sources */ = {isa = PBXBuildFile; fileRef = FR_605436387730 /* TestMethod.swift */; };
		BF_666993197276 /* TestRoutePath.swift in Sources */ = {isa = PBXBuildFile; fileRef = FR_327922330325 /* TestRoutePath.swift */; };
		BF_670431765923 /* IPv6.swift in Sources */ = {isa = PBXBuildFile; fileRef = FR_649620282369 /* IPv6.swift */; };
		BF_681819731921 /* StatusCode.swift in Sources */ = {isa = PBXBuildFile; fileRef = FR_835823662214 /* StatusCode.swift */; };
		BF_703195241221 /* Query.swift in Sources */ = {isa = PBXBuildFile; fileRef = FR_661677042048 /* Query.swift */; };
		BF_709652466085 /* RouterError.swift in Sources */ = {isa = PBXBuildFile; fileRef = FR_717404718372 /* RouterError.swift */; };
		BF_712893125066 /* HyperSpace.swift in Sources */ = {isa = PBXBuildFile; fileRef = FR_702630713150 /* HyperSpace.swift */; };
		BF_725755275823 /* HyperSpace.swift in Sources */ = {isa = PBXBuildFile; fileRef = FR_702630713150 /* HyperSpace.swift */; };
		BF_733335254056 /* TestIP.swift in Sources */ = {isa = PBXBuildFile; fileRef = FR_704812327483 /* TestIP.swift */; };
		BF_736081116260 /* TestEndPointResult.swift in Sources */ = {isa = PBXBuildFile; fileRef = FR_895932800706 /* TestEndPointResult.swift */; };
		BF_737875550005 /* StatusCode.swift in Sources */ = {isa = PBXBuildFile; fileRef = FR_835823662214 /* StatusCode.swift */; };
		BF_744705626734 /* Environment.swift in Sources */ = {isa = PBXBuildFile; fileRef = FR_392571183379 /* Environment.swift */; };
		BF_752154286271 /* IP.swift in Sources */ = {isa = PBXBuildFile; fileRef = FR_126257123812 /* IP.swift */; };
		BF_766609157767 /* Query.swift in Sources */ = {isa = PBXBuildFile; fileRef = FR_661677042048 /* Query.swift */; };
		BF_767184071909 /* TestRouter.swift in Sources */ = {isa = PBXBuildFile; fileRef = FR_607192944469 /* TestRouter.swift */; };
		BF_771392511867 /* Path.swift in Sources */ = {isa = PBXBuildFile; fileRef = FR_747877092124 /* Path.swift */; };
		BF_783323487133 /* HyperSpace.framework in Frameworks */ = {isa = PBXBuildFile; fileRef = FR_929874937904 /* HyperSpace.framework */; };
		BF_792140801954 /* URLSession.extension.swift in Sources */ = {isa = PBXBuildFile; fileRef = FR_898443312606 /* URLSession.extension.swift */; };
		BF_797761644778 /* IP.swift in Sources */ = {isa = PBXBuildFile; fileRef = FR_126257123812 /* IP.swift */; };
		BF_799426172576 /* TestEndPointResult.swift in Sources */ = {isa = PBXBuildFile; fileRef = FR_895932800706 /* TestEndPointResult.swift */; };
		BF_814088651427 /* Route.swift in Sources */ = {isa = PBXBuildFile; fileRef = FR_831789068724 /* Route.swift */; };
		BF_818571017913 /* TestRouter.swift in Sources */ = {isa = PBXBuildFile; fileRef = FR_607192944469 /* TestRouter.swift */; };
		BF_821052891582 /* IP.swift in Sources */ = {isa = PBXBuildFile; fileRef = FR_126257123812 /* IP.swift */; };
		BF_822075958371 /* Result.framework in Frameworks */ = {isa = PBXBuildFile; fileRef = FR_584425140013 /* Result.framework */; };
		BF_851356488160 /* HyperSpace_phoneOSTests.swift in Sources */ = {isa = PBXBuildFile; fileRef = FR_697311087478 /* HyperSpace_phoneOSTests.swift */; };
		BF_856936525858 /* Path.swift in Sources */ = {isa = PBXBuildFile; fileRef = FR_747877092124 /* Path.swift */; };
		BF_857916044330 /* RouterError.swift in Sources */ = {isa = PBXBuildFile; fileRef = FR_717404718372 /* RouterError.swift */; };
		BF_859279924660 /* StatusCode.swift in Sources */ = {isa = PBXBuildFile; fileRef = FR_835823662214 /* StatusCode.swift */; };
		BF_874271379722 /* StatusCode.swift in Sources */ = {isa = PBXBuildFile; fileRef = FR_835823662214 /* StatusCode.swift */; };
		BF_882566665588 /* TestIP.swift in Sources */ = {isa = PBXBuildFile; fileRef = FR_704812327483 /* TestIP.swift */; };
		BF_897028979368 /* Router.swift in Sources */ = {isa = PBXBuildFile; fileRef = FR_702683407012 /* Router.swift */; };
		BF_908148473421 /* TestEndPointResult.swift in Sources */ = {isa = PBXBuildFile; fileRef = FR_895932800706 /* TestEndPointResult.swift */; };
		BF_917172596270 /* IPv6.swift in Sources */ = {isa = PBXBuildFile; fileRef = FR_649620282369 /* IPv6.swift */; };
		BF_921712672766 /* TestMethod.swift in Sources */ = {isa = PBXBuildFile; fileRef = FR_605436387730 /* TestMethod.swift */; };
		BF_977542964545 /* Result.framework in Frameworks */ = {isa = PBXBuildFile; fileRef = FR_763057275314 /* Result.framework */; };
/* End PBXBuildFile section */

/* Begin PBXContainerItemProxy section */
		CIP_20813856775 /* PBXContainerItemProxy */ = {
			isa = PBXContainerItemProxy;
			containerPortal = P_1154077110986 /* Project object */;
			proxyType = 1;
			remoteGlobalIDString = NT_724914065238;
			remoteInfo = "HyperSpace-iOS";
		};
		CIP_37611689024 /* PBXContainerItemProxy */ = {
			isa = PBXContainerItemProxy;
			containerPortal = P_1154077110986 /* Project object */;
			proxyType = 1;
			remoteGlobalIDString = NT_321408082364;
			remoteInfo = "HyperSpace-tvOS";
		};
		CIP_90184232554 /* PBXContainerItemProxy */ = {
			isa = PBXContainerItemProxy;
			containerPortal = P_1154077110986 /* Project object */;
			proxyType = 1;
			remoteGlobalIDString = NT_745958937782;
			remoteInfo = "HyperSpace-macOS";
		};
		CIP_92006596460 /* PBXContainerItemProxy */ = {
			isa = PBXContainerItemProxy;
			containerPortal = P_1154077110986 /* Project object */;
			proxyType = 1;
			remoteGlobalIDString = NT_929874937904;
			remoteInfo = "HyperSpace-watchOS";
		};
/* End PBXContainerItemProxy section */

/* Begin PBXCopyFilesBuildPhase section */
		CFBP_7383814282 /* CopyFiles */ = {
			isa = PBXCopyFilesBuildPhase;
			buildActionMask = 2147483647;
			dstPath = "";
			dstSubfolderSpec = 10;
			files = (
				"BF_406485678706-1" /* Result.framework in CopyFiles */,
			);
			runOnlyForDeploymentPostprocessing = 0;
		};
		CFBP_8576661002 /* CopyFiles */ = {
			isa = PBXCopyFilesBuildPhase;
			buildActionMask = 2147483647;
			dstPath = "";
			dstSubfolderSpec = 10;
			files = (
				"BF_405092585448-1" /* Result.framework in CopyFiles */,
			);
			runOnlyForDeploymentPostprocessing = 0;
		};
/* End PBXCopyFilesBuildPhase section */

/* Begin PBXFileReference section */
		FR_126257123812 /* IP.swift */ = {isa = PBXFileReference; lastKnownFileType = sourcecode.swift; path = IP.swift; sourceTree = "<group>"; };
		FR_131384036341 /* Result.framework */ = {isa = PBXFileReference; lastKnownFileType = wrapper.framework; path = Result.framework; sourceTree = "<group>"; };
		FR_208138567757 /* HyperSpaceUnitTests.xctest */ = {isa = PBXFileReference; includeInIndex = 0; lastKnownFileType = wrapper.cfbundle; path = HyperSpaceUnitTests.xctest; sourceTree = BUILT_PRODUCTS_DIR; };
		FR_287869458482 /* HyperSpace.h */ = {isa = PBXFileReference; lastKnownFileType = sourcecode.c.h; path = HyperSpace.h; sourceTree = "<group>"; };
		FR_292304349049 /* LinuxMain.swift */ = {isa = PBXFileReference; lastKnownFileType = sourcecode.swift; path = LinuxMain.swift; sourceTree = "<group>"; };
		FR_295997628367 /* Info.plist */ = {isa = PBXFileReference; lastKnownFileType = text.plist.xml; path = Info.plist; sourceTree = "<group>"; };
		FR_296409061839 /* TestRoute.swift */ = {isa = PBXFileReference; lastKnownFileType = sourcecode.swift; path = TestRoute.swift; sourceTree = "<group>"; };
		FR_321408082364 /* HyperSpace.framework */ = {isa = PBXFileReference; explicitFileType = wrapper.framework; includeInIndex = 0; path = HyperSpace.framework; sourceTree = BUILT_PRODUCTS_DIR; };
		FR_327922330325 /* TestRoutePath.swift */ = {isa = PBXFileReference; lastKnownFileType = sourcecode.swift; path = TestRoutePath.swift; sourceTree = "<group>"; };
		FR_336265081193 /* Method.swift */ = {isa = PBXFileReference; lastKnownFileType = sourcecode.swift; path = Method.swift; sourceTree = "<group>"; };
		FR_342317856809 /* HyperSpace_tvOS.h */ = {isa = PBXFileReference; lastKnownFileType = sourcecode.c.h; path = HyperSpace_tvOS.h; sourceTree = "<group>"; };
		FR_376116890244 /* HyperSpaceUnitTests.xctest */ = {isa = PBXFileReference; includeInIndex = 0; lastKnownFileType = wrapper.cfbundle; path = HyperSpaceUnitTests.xctest; sourceTree = BUILT_PRODUCTS_DIR; };
		FR_392571183379 /* Environment.swift */ = {isa = PBXFileReference; lastKnownFileType = sourcecode.swift; path = Environment.swift; sourceTree = "<group>"; };
		FR_419975788485 /* Info.plist */ = {isa = PBXFileReference; lastKnownFileType = text.plist.xml; path = Info.plist; sourceTree = "<group>"; };
		FR_427564803739 /* TestEnvironment.swift */ = {isa = PBXFileReference; lastKnownFileType = sourcecode.swift; path = TestEnvironment.swift; sourceTree = "<group>"; };
		FR_433468005986 /* Info.plist */ = {isa = PBXFileReference; lastKnownFileType = text.plist.xml; path = Info.plist; sourceTree = "<group>"; };
		FR_459747902957 /* TestScheme.swift */ = {isa = PBXFileReference; lastKnownFileType = sourcecode.swift; path = TestScheme.swift; sourceTree = "<group>"; };
		FR_497998269578 /* HyperSpace_watchOS.h */ = {isa = PBXFileReference; lastKnownFileType = sourcecode.c.h; path = HyperSpace_watchOS.h; sourceTree = "<group>"; };
		FR_584425140013 /* Result.framework */ = {isa = PBXFileReference; lastKnownFileType = wrapper.framework; path = Result.framework; sourceTree = "<group>"; };
		FR_605436387730 /* TestMethod.swift */ = {isa = PBXFileReference; lastKnownFileType = sourcecode.swift; path = TestMethod.swift; sourceTree = "<group>"; };
		FR_607192944469 /* TestRouter.swift */ = {isa = PBXFileReference; lastKnownFileType = sourcecode.swift; path = TestRouter.swift; sourceTree = "<group>"; };
		FR_649620282369 /* IPv6.swift */ = {isa = PBXFileReference; lastKnownFileType = sourcecode.swift; path = IPv6.swift; sourceTree = "<group>"; };
		FR_661677042048 /* Query.swift */ = {isa = PBXFileReference; lastKnownFileType = sourcecode.swift; path = Query.swift; sourceTree = "<group>"; };
		FR_669811003841 /* Result.framework */ = {isa = PBXFileReference; lastKnownFileType = wrapper.framework; path = Result.framework; sourceTree = "<group>"; };
		FR_694793547704 /* Host.swift */ = {isa = PBXFileReference; lastKnownFileType = sourcecode.swift; path = Host.swift; sourceTree = "<group>"; };
		FR_697311087478 /* HyperSpace_phoneOSTests.swift */ = {isa = PBXFileReference; lastKnownFileType = sourcecode.swift; path = HyperSpace_phoneOSTests.swift; sourceTree = "<group>"; };
		FR_702630713150 /* HyperSpace.swift */ = {isa = PBXFileReference; lastKnownFileType = sourcecode.swift; path = HyperSpace.swift; sourceTree = "<group>"; };
		FR_702683407012 /* Router.swift */ = {isa = PBXFileReference; lastKnownFileType = sourcecode.swift; path = Router.swift; sourceTree = "<group>"; };
		FR_704812327483 /* TestIP.swift */ = {isa = PBXFileReference; lastKnownFileType = sourcecode.swift; path = TestIP.swift; sourceTree = "<group>"; };
		FR_717404718372 /* RouterError.swift */ = {isa = PBXFileReference; lastKnownFileType = sourcecode.swift; path = RouterError.swift; sourceTree = "<group>"; };
		FR_724914065238 /* HyperSpace.framework */ = {isa = PBXFileReference; explicitFileType = wrapper.framework; includeInIndex = 0; path = HyperSpace.framework; sourceTree = BUILT_PRODUCTS_DIR; };
		FR_745958937782 /* HyperSpace.framework */ = {isa = PBXFileReference; explicitFileType = wrapper.framework; includeInIndex = 0; path = HyperSpace.framework; sourceTree = BUILT_PRODUCTS_DIR; };
		FR_747877092124 /* Path.swift */ = {isa = PBXFileReference; lastKnownFileType = sourcecode.swift; path = Path.swift; sourceTree = "<group>"; };
		FR_757384900208 /* TestQuery.swift */ = {isa = PBXFileReference; lastKnownFileType = sourcecode.swift; path = TestQuery.swift; sourceTree = "<group>"; };
		FR_763057275314 /* Result.framework */ = {isa = PBXFileReference; lastKnownFileType = wrapper.framework; path = Result.framework; sourceTree = "<group>"; };
		FR_766984753110 /* Scheme.swift */ = {isa = PBXFileReference; lastKnownFileType = sourcecode.swift; path = Scheme.swift; sourceTree = "<group>"; };
		FR_831789068724 /* Route.swift */ = {isa = PBXFileReference; lastKnownFileType = sourcecode.swift; path = Route.swift; sourceTree = "<group>"; };
		FR_835823662214 /* StatusCode.swift */ = {isa = PBXFileReference; lastKnownFileType = sourcecode.swift; path = StatusCode.swift; sourceTree = "<group>"; };
		FR_858429549871 /* EndPointResult.swift */ = {isa = PBXFileReference; lastKnownFileType = sourcecode.swift; path = EndPointResult.swift; sourceTree = "<group>"; };
		FR_869259762253 /* Info.plist */ = {isa = PBXFileReference; lastKnownFileType = text.plist.xml; path = Info.plist; sourceTree = "<group>"; };
		FR_895200135957 /* Info.plist */ = {isa = PBXFileReference; lastKnownFileType = text.plist.xml; path = Info.plist; sourceTree = "<group>"; };
		FR_895932800706 /* TestEndPointResult.swift */ = {isa = PBXFileReference; lastKnownFileType = sourcecode.swift; path = TestEndPointResult.swift; sourceTree = "<group>"; };
		FR_898443312606 /* URLSession.extension.swift */ = {isa = PBXFileReference; lastKnownFileType = sourcecode.swift; path = URLSession.extension.swift; sourceTree = "<group>"; };
		FR_901842325542 /* HyperSpaceUnitTests.xctest */ = {isa = PBXFileReference; explicitFileType = wrapper.cfbundle; includeInIndex = 0; path = HyperSpaceUnitTests.xctest; sourceTree = BUILT_PRODUCTS_DIR; };
		FR_920065964606 /* HyperSpaceUnitTests.xctest */ = {isa = PBXFileReference; explicitFileType = wrapper.cfbundle; includeInIndex = 0; path = HyperSpaceUnitTests.xctest; sourceTree = BUILT_PRODUCTS_DIR; };
		FR_929874937904 /* HyperSpace.framework */ = {isa = PBXFileReference; explicitFileType = wrapper.framework; includeInIndex = 0; path = HyperSpace.framework; sourceTree = BUILT_PRODUCTS_DIR; };
/* End PBXFileReference section */

/* Begin PBXFrameworksBuildPhase section */
		FBP_20813856775 /* Frameworks */ = {
			isa = PBXFrameworksBuildPhase;
			buildActionMask = 2147483647;
			files = (
				BF_977542964545 /* Result.framework in Frameworks */,
				BF_242513176917 /* HyperSpace.framework in Frameworks */,
			);
			runOnlyForDeploymentPostprocessing = 0;
		};
		FBP_32140808236 /* Frameworks */ = {
			isa = PBXFrameworksBuildPhase;
			buildActionMask = 2147483647;
			files = (
				BF_453943366681 /* Result.framework in Frameworks */,
			);
			runOnlyForDeploymentPostprocessing = 0;
		};
		FBP_37611689024 /* Frameworks */ = {
			isa = PBXFrameworksBuildPhase;
			buildActionMask = 2147483647;
			files = (
				BF_630605162186 /* Result.framework in Frameworks */,
				BF_311580147610 /* HyperSpace.framework in Frameworks */,
			);
			runOnlyForDeploymentPostprocessing = 0;
		};
		FBP_72491406523 /* Frameworks */ = {
			isa = PBXFrameworksBuildPhase;
			buildActionMask = 2147483647;
			files = (
				BF_597418315818 /* Result.framework in Frameworks */,
			);
			runOnlyForDeploymentPostprocessing = 0;
		};
		FBP_74595893778 /* Frameworks */ = {
			isa = PBXFrameworksBuildPhase;
			buildActionMask = 2147483647;
			files = (
				BF_406485678706 /* Result.framework in Frameworks */,
			);
			runOnlyForDeploymentPostprocessing = 0;
		};
		FBP_90184232554 /* Frameworks */ = {
			isa = PBXFrameworksBuildPhase;
			buildActionMask = 2147483647;
			files = (
				BF_405092585448 /* Result.framework in Frameworks */,
				BF_454083319090 /* HyperSpace.framework in Frameworks */,
			);
			runOnlyForDeploymentPostprocessing = 0;
		};
		FBP_92006596460 /* Frameworks */ = {
			isa = PBXFrameworksBuildPhase;
			buildActionMask = 2147483647;
			files = (
				BF_822075958371 /* Result.framework in Frameworks */,
				BF_783323487133 /* HyperSpace.framework in Frameworks */,
			);
			runOnlyForDeploymentPostprocessing = 0;
		};
		FBP_92987493790 /* Frameworks */ = {
			isa = PBXFrameworksBuildPhase;
			buildActionMask = 2147483647;
			files = (
				BF_647714166728 /* Result.framework in Frameworks */,
			);
			runOnlyForDeploymentPostprocessing = 0;
		};
/* End PBXFrameworksBuildPhase section */

/* Begin PBXGroup section */
		G_1482242555228 /* iOS */ = {
			isa = PBXGroup;
			children = (
				FR_697311087478 /* HyperSpace_phoneOSTests.swift */,
				FR_869259762253 /* Info.plist */,
			);
			path = iOS;
			sourceTree = "<group>";
		};
		G_1483801990268 /* tvOS */ = {
			isa = PBXGroup;
			children = (
				FR_342317856809 /* HyperSpace_tvOS.h */,
			);
			path = tvOS;
			sourceTree = "<group>";
		};
		G_1686832588478 /* Core */ = {
			isa = PBXGroup;
			children = (
				FR_858429549871 /* EndPointResult.swift */,
				FR_392571183379 /* Environment.swift */,
				FR_694793547704 /* Host.swift */,
				FR_702630713150 /* HyperSpace.swift */,
				FR_126257123812 /* IP.swift */,
				FR_649620282369 /* IPv6.swift */,
				FR_336265081193 /* Method.swift */,
				FR_747877092124 /* Path.swift */,
				FR_661677042048 /* Query.swift */,
				FR_831789068724 /* Route.swift */,
				FR_702683407012 /* Router.swift */,
				FR_717404718372 /* RouterError.swift */,
				FR_766984753110 /* Scheme.swift */,
				FR_835823662214 /* StatusCode.swift */,
				FR_898443312606 /* URLSession.extension.swift */,
			);
			path = Core;
			sourceTree = "<group>";
		};
		G_1952740716080 /* Frameworks */ = {
			isa = PBXGroup;
			children = (
				G_2883690153011 /* Carthage */,
			);
			name = Frameworks;
			sourceTree = "<group>";
		};
		G_2196317967095 /* iOS */ = {
			isa = PBXGroup;
			children = (
				FR_287869458482 /* HyperSpace.h */,
			);
			path = iOS;
			sourceTree = "<group>";
		};
		G_2262017438925 /* iOS */ = {
			isa = PBXGroup;
			children = (
				FR_763057275314 /* Result.framework */,
			);
			path = iOS;
			sourceTree = "<group>";
		};
		G_2262017442691 /* Mac */ = {
			isa = PBXGroup;
			children = (
				FR_131384036341 /* Result.framework */,
			);
			path = Mac;
			sourceTree = "<group>";
		};
		G_2883690153011 /* Carthage */ = {
			isa = PBXGroup;
			children = (
				G_2262017442691 /* Mac */,
				G_2262017438925 /* iOS */,
				G_8628897169668 /* tvOS */,
				G_8244488572839 /* watchOS */,
			);
			name = Carthage;
			path = Carthage/Build;
			sourceTree = "<group>";
		};
		G_4517009390306 /* watchOS */ = {
			isa = PBXGroup;
			children = (
				FR_497998269578 /* HyperSpace_watchOS.h */,
				FR_295997628367 /* Info.plist */,
			);
			path = watchOS;
			sourceTree = "<group>";
		};
		G_4799464745106 /* Tests */ = {
			isa = PBXGroup;
			children = (
				G_5461934703744 /* HyperSpaceUnitTests */,
				G_5185726791623 /* Resources */,
				FR_292304349049 /* LinuxMain.swift */,
			);
			path = Tests;
			sourceTree = "<group>";
		};
		G_5185726791623 /* Resources */ = {
			isa = PBXGroup;
			children = (
				G_6868530556393 /* HyperSpace */,
			);
			path = Resources;
			sourceTree = "<group>";
		};
		G_5221305556297 /* macOS */ = {
			isa = PBXGroup;
			children = (
			);
			path = macOS;
			sourceTree = "<group>";
		};
		G_5461934703744 /* HyperSpaceUnitTests */ = {
			isa = PBXGroup;
			children = (
				G_7048510630252 /* Core */,
				G_1482242555228 /* iOS */,
				G_7474390463456 /* macOS */,
				G_6086816750817 /* tvOS */,
				G_4517009390306 /* watchOS */,
			);
			path = HyperSpaceUnitTests;
			sourceTree = "<group>";
		};
		G_6086816750817 /* tvOS */ = {
			isa = PBXGroup;
			children = (
				FR_419975788485 /* Info.plist */,
			);
			path = tvOS;
			sourceTree = "<group>";
		};
		G_6868530556393 /* HyperSpace */ = {
			isa = PBXGroup;
			children = (
				G_7234056583553 /* Core */,
			);
			path = HyperSpace;
			sourceTree = "<group>";
		};
		G_7048510630252 /* Core */ = {
			isa = PBXGroup;
			children = (
				FR_895932800706 /* TestEndPointResult.swift */,
				FR_427564803739 /* TestEnvironment.swift */,
				FR_704812327483 /* TestIP.swift */,
				FR_605436387730 /* TestMethod.swift */,
				FR_757384900208 /* TestQuery.swift */,
				FR_296409061839 /* TestRoute.swift */,
				FR_327922330325 /* TestRoutePath.swift */,
				FR_607192944469 /* TestRouter.swift */,
				FR_459747902957 /* TestScheme.swift */,
			);
			path = Core;
			sourceTree = "<group>";
		};
		G_7107745930532 /* HyperSpace */ = {
			isa = PBXGroup;
			children = (
				G_1686832588478 /* Core */,
				G_2196317967095 /* iOS */,
				G_5221305556297 /* macOS */,
				G_1483801990268 /* tvOS */,
				G_7394838186556 /* watchOS */,
			);
			path = HyperSpace;
			sourceTree = "<group>";
		};
		G_7234056583553 /* Core */ = {
			isa = PBXGroup;
			children = (
				FR_433468005986 /* Info.plist */,
			);
			path = Core;
			sourceTree = "<group>";
		};
		G_7394838186556 /* watchOS */ = {
			isa = PBXGroup;
			children = (
			);
			path = watchOS;
			sourceTree = "<group>";
		};
		G_7474390463456 /* macOS */ = {
			isa = PBXGroup;
			children = (
				FR_895200135957 /* Info.plist */,
			);
			path = macOS;
			sourceTree = "<group>";
		};
		G_8244488572839 /* watchOS */ = {
			isa = PBXGroup;
			children = (
				FR_584425140013 /* Result.framework */,
			);
			path = watchOS;
			sourceTree = "<group>";
		};
		G_8448771205358 = {
			isa = PBXGroup;
			children = (
				G_1952740716080 /* Frameworks */,
				G_8620238527590 /* Products */,
				G_8934779235101 /* Sources */,
				G_4799464745106 /* Tests */,
			);
			indentWidth = 2;
			sourceTree = "<group>";
			usesTabs = 0;
		};
		G_8620238527590 /* Products */ = {
			isa = PBXGroup;
			children = (
				FR_929874937904 /* HyperSpace.framework */,
				FR_745958937782 /* HyperSpace.framework */,
				FR_724914065238 /* HyperSpace.framework */,
				FR_321408082364 /* HyperSpace.framework */,
				FR_901842325542 /* HyperSpaceUnitTests.xctest */,
				FR_208138567757 /* HyperSpaceUnitTests.xctest */,
				FR_376116890244 /* HyperSpaceUnitTests.xctest */,
				FR_920065964606 /* HyperSpaceUnitTests.xctest */,
			);
			name = Products;
			sourceTree = "<group>";
		};
		G_8628897169668 /* tvOS */ = {
			isa = PBXGroup;
			children = (
				FR_669811003841 /* Result.framework */,
			);
			path = tvOS;
			sourceTree = "<group>";
		};
		G_8934779235101 /* Sources */ = {
			isa = PBXGroup;
			children = (
				G_7107745930532 /* HyperSpace */,
			);
			path = Sources;
			sourceTree = "<group>";
		};
/* End PBXGroup section */

/* Begin PBXHeadersBuildPhase section */
		HBP_32140808236 /* Headers */ = {
			isa = PBXHeadersBuildPhase;
			buildActionMask = 2147483647;
			files = (
				BF_496075828351 /* HyperSpace_tvOS.h in Headers */,
			);
			runOnlyForDeploymentPostprocessing = 0;
		};
		HBP_72491406523 /* Headers */ = {
			isa = PBXHeadersBuildPhase;
			buildActionMask = 2147483647;
			files = (
				BF_594022662122 /* HyperSpace.h in Headers */,
			);
			runOnlyForDeploymentPostprocessing = 0;
		};
/* End PBXHeadersBuildPhase section */

/* Begin PBXNativeTarget section */
		NT_208138567757 /* HyperSpaceUnitTests-iOS */ = {
			isa = PBXNativeTarget;
			buildConfigurationList = CL_208138567757 /* Build configuration list for PBXNativeTarget "HyperSpaceUnitTests-iOS" */;
			buildPhases = (
				SBP_20813856775 /* Sources */,
				FBP_20813856775 /* Frameworks */,
				SSBP_6564354133 /* Carthage */,
			);
			buildRules = (
			);
			dependencies = (
				TD_645756498058 /* PBXTargetDependency */,
			);
			name = "HyperSpaceUnitTests-iOS";
			productName = "HyperSpaceUnitTests-iOS";
			productReference = FR_208138567757 /* HyperSpaceUnitTests.xctest */;
			productType = "com.apple.product-type.bundle.unit-test";
		};
		NT_321408082364 /* HyperSpace-tvOS */ = {
			isa = PBXNativeTarget;
			buildConfigurationList = CL_321408082364 /* Build configuration list for PBXNativeTarget "HyperSpace-tvOS" */;
			buildPhases = (
				SBP_32140808236 /* Sources */,
				HBP_32140808236 /* Headers */,
				FBP_32140808236 /* Frameworks */,
				SSBP_7983507445 /* Carthage */,
			);
			buildRules = (
			);
			dependencies = (
			);
			name = "HyperSpace-tvOS";
			productName = "HyperSpace-tvOS";
			productReference = FR_321408082364 /* HyperSpace.framework */;
			productType = "com.apple.product-type.framework";
		};
		NT_376116890244 /* HyperSpaceUnitTests-tvOS */ = {
			isa = PBXNativeTarget;
			buildConfigurationList = CL_376116890244 /* Build configuration list for PBXNativeTarget "HyperSpaceUnitTests-tvOS" */;
			buildPhases = (
				SBP_37611689024 /* Sources */,
				FBP_37611689024 /* Frameworks */,
				SSBP_2823896959 /* Carthage */,
			);
			buildRules = (
			);
			dependencies = (
				TD_628971547484 /* PBXTargetDependency */,
			);
			name = "HyperSpaceUnitTests-tvOS";
			productName = "HyperSpaceUnitTests-tvOS";
			productReference = FR_376116890244 /* HyperSpaceUnitTests.xctest */;
			productType = "com.apple.product-type.bundle.unit-test";
		};
		NT_724914065238 /* HyperSpace-iOS */ = {
			isa = PBXNativeTarget;
			buildConfigurationList = CL_724914065238 /* Build configuration list for PBXNativeTarget "HyperSpace-iOS" */;
			buildPhases = (
				SBP_72491406523 /* Sources */,
				HBP_72491406523 /* Headers */,
				FBP_72491406523 /* Frameworks */,
				SSBP_7568678560 /* Carthage */,
			);
			buildRules = (
			);
			dependencies = (
			);
			name = "HyperSpace-iOS";
			productName = "HyperSpace-iOS";
			productReference = FR_724914065238 /* HyperSpace.framework */;
			productType = "com.apple.product-type.framework";
		};
		NT_745958937782 /* HyperSpace-macOS */ = {
			isa = PBXNativeTarget;
			buildConfigurationList = CL_745958937782 /* Build configuration list for PBXNativeTarget "HyperSpace-macOS" */;
			buildPhases = (
				SBP_74595893778 /* Sources */,
				FBP_74595893778 /* Frameworks */,
				CFBP_7383814282 /* CopyFiles */,
			);
			buildRules = (
			);
			dependencies = (
			);
			name = "HyperSpace-macOS";
			productName = "HyperSpace-macOS";
			productReference = FR_745958937782 /* HyperSpace.framework */;
			productType = "com.apple.product-type.framework";
		};
		NT_901842325542 /* HyperSpaceUnitTests-macOS */ = {
			isa = PBXNativeTarget;
			buildConfigurationList = CL_901842325542 /* Build configuration list for PBXNativeTarget "HyperSpaceUnitTests-macOS" */;
			buildPhases = (
				SBP_90184232554 /* Sources */,
				FBP_90184232554 /* Frameworks */,
				CFBP_8576661002 /* CopyFiles */,
			);
			buildRules = (
			);
			dependencies = (
				TD_909611419384 /* PBXTargetDependency */,
			);
			name = "HyperSpaceUnitTests-macOS";
			productName = "HyperSpaceUnitTests-macOS";
			productReference = FR_901842325542 /* HyperSpaceUnitTests.xctest */;
			productType = "com.apple.product-type.bundle.unit-test";
		};
		NT_920065964606 /* HyperSpaceUnitTests-watchOS */ = {
			isa = PBXNativeTarget;
			buildConfigurationList = CL_920065964606 /* Build configuration list for PBXNativeTarget "HyperSpaceUnitTests-watchOS" */;
			buildPhases = (
				SBP_92006596460 /* Sources */,
				FBP_92006596460 /* Frameworks */,
				SSBP_8806247979 /* Carthage */,
			);
			buildRules = (
			);
			dependencies = (
				TD_259652540860 /* PBXTargetDependency */,
			);
			name = "HyperSpaceUnitTests-watchOS";
			productName = "HyperSpaceUnitTests-watchOS";
			productReference = FR_920065964606 /* HyperSpaceUnitTests.xctest */;
			productType = "com.apple.product-type.bundle.unit-test";
		};
		NT_929874937904 /* HyperSpace-watchOS */ = {
			isa = PBXNativeTarget;
			buildConfigurationList = CL_929874937904 /* Build configuration list for PBXNativeTarget "HyperSpace-watchOS" */;
			buildPhases = (
				SBP_92987493790 /* Sources */,
				FBP_92987493790 /* Frameworks */,
				SSBP_3236912300 /* Carthage */,
			);
			buildRules = (
			);
			dependencies = (
			);
			name = "HyperSpace-watchOS";
			productName = "HyperSpace-watchOS";
			productReference = FR_929874937904 /* HyperSpace.framework */;
			productType = "com.apple.product-type.framework";
		};
/* End PBXNativeTarget section */

/* Begin PBXProject section */
		P_1154077110986 /* Project object */ = {
			isa = PBXProject;
			attributes = {
				LastUpgradeCheck = 0920;
			};
			buildConfigurationList = CL_115407711098 /* Build configuration list for PBXProject "HyperSpace" */;
			compatibilityVersion = "Xcode 3.2";
			developmentRegion = en;
			hasScannedForEncodings = 0;
			knownRegions = (
				en,
			);
			mainGroup = G_8448771205358;
			projectDirPath = "";
			projectRoot = "";
			targets = (
				NT_724914065238 /* HyperSpace-iOS */,
				NT_745958937782 /* HyperSpace-macOS */,
				NT_321408082364 /* HyperSpace-tvOS */,
				NT_929874937904 /* HyperSpace-watchOS */,
				NT_208138567757 /* HyperSpaceUnitTests-iOS */,
				NT_901842325542 /* HyperSpaceUnitTests-macOS */,
				NT_376116890244 /* HyperSpaceUnitTests-tvOS */,
				NT_920065964606 /* HyperSpaceUnitTests-watchOS */,
			);
		};
/* End PBXProject section */

/* Begin PBXShellScriptBuildPhase section */
		SSBP_2823896959 /* Carthage */ = {
			isa = PBXShellScriptBuildPhase;
			buildActionMask = 2147483647;
			files = (
			);
			inputPaths = (
				"$(SRCROOT)/Carthage/Build/tvOS/Result.framework",
			);
			name = Carthage;
			outputPaths = (
				"$(BUILT_PRODUCTS_DIR)/$(FRAMEWORKS_FOLDER_PATH)/Result.framework",
			);
			runOnlyForDeploymentPostprocessing = 0;
			shellPath = /bin/sh;
			shellScript = "carthage copy-frameworks\n";
			showEnvVarsInLog = 0;
		};
		SSBP_3236912300 /* Carthage */ = {
			isa = PBXShellScriptBuildPhase;
			buildActionMask = 2147483647;
			files = (
			);
			inputPaths = (
				"$(SRCROOT)/Carthage/Build/watchOS/Result.framework",
			);
			name = Carthage;
			outputPaths = (
				"$(BUILT_PRODUCTS_DIR)/$(FRAMEWORKS_FOLDER_PATH)/Result.framework",
			);
			runOnlyForDeploymentPostprocessing = 0;
			shellPath = /bin/sh;
			shellScript = "carthage copy-frameworks\n";
			showEnvVarsInLog = 0;
		};
		SSBP_6564354133 /* Carthage */ = {
			isa = PBXShellScriptBuildPhase;
			buildActionMask = 2147483647;
			files = (
			);
			inputPaths = (
				"$(SRCROOT)/Carthage/Build/iOS/Result.framework",
			);
			name = Carthage;
			outputPaths = (
				"$(BUILT_PRODUCTS_DIR)/$(FRAMEWORKS_FOLDER_PATH)/Result.framework",
			);
			runOnlyForDeploymentPostprocessing = 0;
			shellPath = /bin/sh;
			shellScript = "carthage copy-frameworks\n";
			showEnvVarsInLog = 0;
		};
		SSBP_7568678560 /* Carthage */ = {
			isa = PBXShellScriptBuildPhase;
			buildActionMask = 2147483647;
			files = (
			);
			inputPaths = (
				"$(SRCROOT)/Carthage/Build/iOS/Result.framework",
			);
			name = Carthage;
			outputPaths = (
				"$(BUILT_PRODUCTS_DIR)/$(FRAMEWORKS_FOLDER_PATH)/Result.framework",
			);
			runOnlyForDeploymentPostprocessing = 0;
			shellPath = /bin/sh;
			shellScript = "carthage copy-frameworks\n";
			showEnvVarsInLog = 0;
		};
		SSBP_7983507445 /* Carthage */ = {
			isa = PBXShellScriptBuildPhase;
			buildActionMask = 2147483647;
			files = (
			);
			inputPaths = (
				"$(SRCROOT)/Carthage/Build/tvOS/Result.framework",
			);
			name = Carthage;
			outputPaths = (
				"$(BUILT_PRODUCTS_DIR)/$(FRAMEWORKS_FOLDER_PATH)/Result.framework",
			);
			runOnlyForDeploymentPostprocessing = 0;
			shellPath = /bin/sh;
			shellScript = "carthage copy-frameworks\n";
			showEnvVarsInLog = 0;
		};
		SSBP_8806247979 /* Carthage */ = {
			isa = PBXShellScriptBuildPhase;
			buildActionMask = 2147483647;
			files = (
			);
			inputPaths = (
				"$(SRCROOT)/Carthage/Build/watchOS/Result.framework",
			);
			name = Carthage;
			outputPaths = (
				"$(BUILT_PRODUCTS_DIR)/$(FRAMEWORKS_FOLDER_PATH)/Result.framework",
			);
			runOnlyForDeploymentPostprocessing = 0;
			shellPath = /bin/sh;
			shellScript = "carthage copy-frameworks\n";
			showEnvVarsInLog = 0;
		};
/* End PBXShellScriptBuildPhase section */

/* Begin PBXSourcesBuildPhase section */
		SBP_20813856775 /* Sources */ = {
			isa = PBXSourcesBuildPhase;
			buildActionMask = 2147483647;
			files = (
				BF_851356488160 /* HyperSpace_phoneOSTests.swift in Sources */,
				BF_736081116260 /* TestEndPointResult.swift in Sources */,
				BF_119441762017 /* TestEnvironment.swift in Sources */,
				BF_526975474379 /* TestIP.swift in Sources */,
				BF_261847511937 /* TestMethod.swift in Sources */,
				BF_550318701325 /* TestQuery.swift in Sources */,
				BF_440327821585 /* TestRoute.swift in Sources */,
				BF_666993197276 /* TestRoutePath.swift in Sources */,
				BF_767184071909 /* TestRouter.swift in Sources */,
				BF_182460549923 /* TestScheme.swift in Sources */,
			);
			runOnlyForDeploymentPostprocessing = 0;
		};
		SBP_32140808236 /* Sources */ = {
			isa = PBXSourcesBuildPhase;
			buildActionMask = 2147483647;
			files = (
				BF_228570381178 /* EndPointResult.swift in Sources */,
				BF_744705626734 /* Environment.swift in Sources */,
				BF_480859857000 /* Host.swift in Sources */,
				BF_712893125066 /* HyperSpace.swift in Sources */,
				BF_821052891582 /* IP.swift in Sources */,
				BF_917172596270 /* IPv6.swift in Sources */,
				BF_474488225517 /* Method.swift in Sources */,
				BF_856936525858 /* Path.swift in Sources */,
				BF_561132030614 /* Query.swift in Sources */,
				BF_278787314889 /* Route.swift in Sources */,
				BF_302320079009 /* Router.swift in Sources */,
				BF_857916044330 /* RouterError.swift in Sources */,
				BF_150046281459 /* Scheme.swift in Sources */,
				BF_737875550005 /* StatusCode.swift in Sources */,
				BF_377946422491 /* URLSession.extension.swift in Sources */,
			);
			runOnlyForDeploymentPostprocessing = 0;
		};
		SBP_37611689024 /* Sources */ = {
			isa = PBXSourcesBuildPhase;
			buildActionMask = 2147483647;
			files = (
				BF_799426172576 /* TestEndPointResult.swift in Sources */,
				BF_320833691732 /* TestEnvironment.swift in Sources */,
				BF_882566665588 /* TestIP.swift in Sources */,
				BF_340160990986 /* TestMethod.swift in Sources */,
				BF_371309239328 /* TestQuery.swift in Sources */,
				BF_575792538119 /* TestRoute.swift in Sources */,
				BF_523364876307 /* TestRoutePath.swift in Sources */,
				BF_599444121830 /* TestRouter.swift in Sources */,
				BF_503127227952 /* TestScheme.swift in Sources */,
			);
			runOnlyForDeploymentPostprocessing = 0;
		};
		SBP_72491406523 /* Sources */ = {
			isa = PBXSourcesBuildPhase;
			buildActionMask = 2147483647;
			files = (
				BF_316084859244 /* EndPointResult.swift in Sources */,
				BF_335177943568 /* Environment.swift in Sources */,
				BF_169103688492 /* Host.swift in Sources */,
				BF_261071204269 /* HyperSpace.swift in Sources */,
				BF_752154286271 /* IP.swift in Sources */,
				BF_186134393255 /* IPv6.swift in Sources */,
				BF_505041186009 /* Method.swift in Sources */,
				BF_245578832169 /* Path.swift in Sources */,
				BF_423839783885 /* Query.swift in Sources */,
				BF_176450857537 /* Route.swift in Sources */,
				BF_266607557997 /* Router.swift in Sources */,
				BF_274864181325 /* RouterError.swift in Sources */,
				BF_653654995292 /* Scheme.swift in Sources */,
				BF_681819731921 /* StatusCode.swift in Sources */,
				BF_792140801954 /* URLSession.extension.swift in Sources */,
			);
			runOnlyForDeploymentPostprocessing = 0;
		};
		SBP_74595893778 /* Sources */ = {
			isa = PBXSourcesBuildPhase;
			buildActionMask = 2147483647;
			files = (
				BF_482565385425 /* EndPointResult.swift in Sources */,
				BF_380235077390 /* Environment.swift in Sources */,
				BF_640569707638 /* Host.swift in Sources */,
				BF_225211564387 /* HyperSpace.swift in Sources */,
				BF_797761644778 /* IP.swift in Sources */,
				BF_670431765923 /* IPv6.swift in Sources */,
				BF_540294777403 /* Method.swift in Sources */,
				BF_771392511867 /* Path.swift in Sources */,
				BF_703195241221 /* Query.swift in Sources */,
				BF_218541560259 /* Route.swift in Sources */,
				BF_659102763135 /* Router.swift in Sources */,
				BF_183659285644 /* RouterError.swift in Sources */,
				BF_190786661955 /* Scheme.swift in Sources */,
				BF_859279924660 /* StatusCode.swift in Sources */,
				BF_207587134679 /* URLSession.extension.swift in Sources */,
			);
			runOnlyForDeploymentPostprocessing = 0;
		};
		SBP_90184232554 /* Sources */ = {
			isa = PBXSourcesBuildPhase;
			buildActionMask = 2147483647;
			files = (
				BF_595748777921 /* TestEndPointResult.swift in Sources */,
				BF_510567528954 /* TestEnvironment.swift in Sources */,
				BF_733335254056 /* TestIP.swift in Sources */,
				BF_660653273075 /* TestMethod.swift in Sources */,
				BF_431478383219 /* TestQuery.swift in Sources */,
				BF_329010970995 /* TestRoute.swift in Sources */,
				BF_598024662448 /* TestRoutePath.swift in Sources */,
				BF_387666494681 /* TestRouter.swift in Sources */,
				BF_585422978734 /* TestScheme.swift in Sources */,
			);
			runOnlyForDeploymentPostprocessing = 0;
		};
		SBP_92006596460 /* Sources */ = {
			isa = PBXSourcesBuildPhase;
			buildActionMask = 2147483647;
			files = (
				BF_908148473421 /* TestEndPointResult.swift in Sources */,
				BF_183418532493 /* TestEnvironment.swift in Sources */,
				BF_366714050507 /* TestIP.swift in Sources */,
				BF_921712672766 /* TestMethod.swift in Sources */,
				BF_460596455029 /* TestQuery.swift in Sources */,
				BF_301831368807 /* TestRoute.swift in Sources */,
				BF_172730557857 /* TestRoutePath.swift in Sources */,
				BF_818571017913 /* TestRouter.swift in Sources */,
				BF_572731970123 /* TestScheme.swift in Sources */,
			);
			runOnlyForDeploymentPostprocessing = 0;
		};
		SBP_92987493790 /* Sources */ = {
			isa = PBXSourcesBuildPhase;
			buildActionMask = 2147483647;
			files = (
				BF_591222695528 /* EndPointResult.swift in Sources */,
				BF_211710582611 /* Environment.swift in Sources */,
				BF_330557087906 /* Host.swift in Sources */,
				BF_725755275823 /* HyperSpace.swift in Sources */,
				BF_659238090422 /* IP.swift in Sources */,
				BF_473291563250 /* IPv6.swift in Sources */,
				BF_470163234138 /* Method.swift in Sources */,
				BF_623153013463 /* Path.swift in Sources */,
				BF_766609157767 /* Query.swift in Sources */,
				BF_814088651427 /* Route.swift in Sources */,
				BF_897028979368 /* Router.swift in Sources */,
				BF_709652466085 /* RouterError.swift in Sources */,
				BF_303381734575 /* Scheme.swift in Sources */,
				BF_874271379722 /* StatusCode.swift in Sources */,
				BF_246276451401 /* URLSession.extension.swift in Sources */,
			);
			runOnlyForDeploymentPostprocessing = 0;
		};
/* End PBXSourcesBuildPhase section */

/* Begin PBXTargetDependency section */
		TD_259652540860 /* PBXTargetDependency */ = {
			isa = PBXTargetDependency;
			target = NT_929874937904 /* HyperSpace-watchOS */;
			targetProxy = CIP_92006596460 /* PBXContainerItemProxy */;
		};
		TD_628971547484 /* PBXTargetDependency */ = {
			isa = PBXTargetDependency;
			target = NT_321408082364 /* HyperSpace-tvOS */;
			targetProxy = CIP_37611689024 /* PBXContainerItemProxy */;
		};
		TD_645756498058 /* PBXTargetDependency */ = {
			isa = PBXTargetDependency;
			target = NT_724914065238 /* HyperSpace-iOS */;
			targetProxy = CIP_20813856775 /* PBXContainerItemProxy */;
		};
		TD_909611419384 /* PBXTargetDependency */ = {
			isa = PBXTargetDependency;
			target = NT_745958937782 /* HyperSpace-macOS */;
			targetProxy = CIP_90184232554 /* PBXContainerItemProxy */;
		};
/* End PBXTargetDependency section */

/* Begin XCBuildConfiguration section */
		BC_151407694674 /* Release */ = {
			isa = XCBuildConfiguration;
			buildSettings = {
				CODE_SIGN_IDENTITY = "";
				CURRENT_PROJECT_VERSION = 1;
				DEFINES_MODULE = YES;
				DYLIB_COMPATIBILITY_VERSION = 1;
				DYLIB_CURRENT_VERSION = 1;
				DYLIB_INSTALL_NAME_BASE = "@rpath";
				ENABLE_TESTABILITY = YES;
				FRAMEWORK_SEARCH_PATHS = (
					"$(inherited)",
					"$(PROJECT_DIR)/Carthage/Build/iOS",
				);
				INFOPLIST_FILE = Resources/HyperSpace/Core/Info.plist;
				INSTALL_PATH = "$(LOCAL_LIBRARY_DIR)/Frameworks";
				LD_RUNPATH_SEARCH_PATHS = "$(inherited) @executable_path/Frameworks";
				PRODUCT_BUNDLE_IDENTIFIER = "io.thecb4.HyperSpace-iOS";
				PRODUCT_NAME = HyperSpace;
				SDKROOT = iphoneos;
				SKIP_INSTALL = YES;
				TARGETED_DEVICE_FAMILY = "1,2";
				VERSIONING_SYSTEM = "apple-generic";
			};
			name = Release;
		};
		BC_167866227848 /* Release */ = {
			isa = XCBuildConfiguration;
			buildSettings = {
				CODE_SIGN_IDENTITY = "";
				COMBINE_HIDPI_IMAGES = YES;
				CURRENT_PROJECT_VERSION = 1;
				DEFINES_MODULE = YES;
				DYLIB_COMPATIBILITY_VERSION = 1;
				DYLIB_CURRENT_VERSION = 1;
				DYLIB_INSTALL_NAME_BASE = "@rpath";
				ENABLE_TESTABILITY = YES;
				FRAMEWORK_SEARCH_PATHS = (
					"$(inherited)",
					"$(PROJECT_DIR)/Carthage/Build/Mac",
				);
				INFOPLIST_FILE = Resources/HyperSpace/Core/Info.plist;
				INSTALL_PATH = "$(LOCAL_LIBRARY_DIR)/Frameworks";
				LD_RUNPATH_SEARCH_PATHS = "$(inherited) @executable_path/../Frameworks";
				PRODUCT_BUNDLE_IDENTIFIER = "io.thecb4.HyperSpace-macOS";
				PRODUCT_NAME = HyperSpace;
				SDKROOT = macosx;
				SKIP_INSTALL = YES;
				VERSIONING_SYSTEM = "apple-generic";
			};
			name = Release;
		};
		BC_170103738227 /* Debug */ = {
			isa = XCBuildConfiguration;
			buildSettings = {
				CODE_SIGN_IDENTITY = "";
				CURRENT_PROJECT_VERSION = 1;
				DEFINES_MODULE = YES;
				DYLIB_COMPATIBILITY_VERSION = 1;
				DYLIB_CURRENT_VERSION = 1;
				DYLIB_INSTALL_NAME_BASE = "@rpath";
				ENABLE_TESTABILITY = YES;
				FRAMEWORK_SEARCH_PATHS = (
					"$(inherited)",
					"$(PROJECT_DIR)/Carthage/Build/tvOS",
				);
				INFOPLIST_FILE = Resources/HyperSpace/Core/Info.plist;
				INSTALL_PATH = "$(LOCAL_LIBRARY_DIR)/Frameworks";
				LD_RUNPATH_SEARCH_PATHS = "$(inherited) @executable_path/Frameworks";
				PRODUCT_BUNDLE_IDENTIFIER = "io.thecb4.HyperSpace-tvOS";
				PRODUCT_NAME = HyperSpace;
				SDKROOT = appletvos;
				SKIP_INSTALL = YES;
				TARGETED_DEVICE_FAMILY = 3;
				VERSIONING_SYSTEM = "apple-generic";
			};
			name = Debug;
		};
		BC_265105449688 /* Release */ = {
			isa = XCBuildConfiguration;
			buildSettings = {
				BUNDLE_LOADER = "$(TEST_HOST)";
				FRAMEWORK_SEARCH_PATHS = (
					"$(inherited)",
					"$(PROJECT_DIR)/Carthage/Build/iOS",
				);
				INFOPLIST_FILE = Tests/Resources/HyperSpace/Core/Info.plist;
				LD_RUNPATH_SEARCH_PATHS = "$(inherited) @executable_path/Frameworks @loader_path/Frameworks";
				PRODUCT_BUNDLE_IDENTIFIER = "io.thecb4.HyperSpaceUnitTests-iOS";
				PRODUCT_NAME = HyperSpaceUnitTests;
				SDKROOT = iphoneos;
				TARGETED_DEVICE_FAMILY = "1,2";
			};
			name = Release;
		};
		BC_338723923467 /* Release */ = {
			isa = XCBuildConfiguration;
			buildSettings = {
				CODE_SIGN_IDENTITY = "";
				CURRENT_PROJECT_VERSION = 1;
				DEFINES_MODULE = YES;
				DYLIB_COMPATIBILITY_VERSION = 1;
				DYLIB_CURRENT_VERSION = 1;
				DYLIB_INSTALL_NAME_BASE = "@rpath";
				ENABLE_TESTABILITY = YES;
				FRAMEWORK_SEARCH_PATHS = (
					"$(inherited)",
					"$(PROJECT_DIR)/Carthage/Build/tvOS",
				);
				INFOPLIST_FILE = Resources/HyperSpace/Core/Info.plist;
				INSTALL_PATH = "$(LOCAL_LIBRARY_DIR)/Frameworks";
				LD_RUNPATH_SEARCH_PATHS = "$(inherited) @executable_path/Frameworks";
				PRODUCT_BUNDLE_IDENTIFIER = "io.thecb4.HyperSpace-tvOS";
				PRODUCT_NAME = HyperSpace;
				SDKROOT = appletvos;
				SKIP_INSTALL = YES;
				TARGETED_DEVICE_FAMILY = 3;
				VERSIONING_SYSTEM = "apple-generic";
			};
			name = Release;
		};
		BC_464694676821 /* Debug */ = {
			isa = XCBuildConfiguration;
			buildSettings = {
				CODE_SIGN_IDENTITY = "";
				CURRENT_PROJECT_VERSION = 1;
				DEFINES_MODULE = YES;
				DYLIB_COMPATIBILITY_VERSION = 1;
				DYLIB_CURRENT_VERSION = 1;
				DYLIB_INSTALL_NAME_BASE = "@rpath";
				ENABLE_TESTABILITY = YES;
				FRAMEWORK_SEARCH_PATHS = (
					"$(inherited)",
					"$(PROJECT_DIR)/Carthage/Build/watchOS",
				);
				INFOPLIST_FILE = Resources/HyperSpace/Core/Info.plist;
				INSTALL_PATH = "$(LOCAL_LIBRARY_DIR)/Frameworks";
				PRODUCT_BUNDLE_IDENTIFIER = "io.thecb4.HyperSpace-watchOS";
				PRODUCT_NAME = HyperSpace;
				SDKROOT = watchos;
				SKIP_INSTALL = YES;
				TARGETED_DEVICE_FAMILY = 4;
				VERSIONING_SYSTEM = "apple-generic";
			};
			name = Debug;
		};
		BC_479945831424 /* Debug */ = {
			isa = XCBuildConfiguration;
			buildSettings = {
				ALWAYS_SEARCH_USER_PATHS = NO;
				CLANG_ANALYZER_NONNULL = YES;
				CLANG_ANALYZER_NUMBER_OBJECT_CONVERSION = YES_AGGRESSIVE;
				CLANG_CXX_LANGUAGE_STANDARD = "gnu++14";
				CLANG_CXX_LIBRARY = "libc++";
				CLANG_ENABLE_MODULES = YES;
				CLANG_ENABLE_OBJC_ARC = YES;
				CLANG_WARN_BLOCK_CAPTURE_AUTORELEASING = YES;
				CLANG_WARN_BOOL_CONVERSION = YES;
				CLANG_WARN_COMMA = YES;
				CLANG_WARN_CONSTANT_CONVERSION = YES;
				CLANG_WARN_DIRECT_OBJC_ISA_USAGE = YES_ERROR;
				CLANG_WARN_DOCUMENTATION_COMMENTS = YES;
				CLANG_WARN_EMPTY_BODY = YES;
				CLANG_WARN_ENUM_CONVERSION = YES;
				CLANG_WARN_INFINITE_RECURSION = YES;
				CLANG_WARN_INT_CONVERSION = YES;
				CLANG_WARN_NON_LITERAL_NULL_CONVERSION = YES;
				CLANG_WARN_OBJC_LITERAL_CONVERSION = YES;
				CLANG_WARN_OBJC_ROOT_CLASS = YES_ERROR;
				CLANG_WARN_RANGE_LOOP_ANALYSIS = YES;
				CLANG_WARN_STRICT_PROTOTYPES = YES;
				CLANG_WARN_SUSPICIOUS_MOVE = YES;
				CLANG_WARN_UNGUARDED_AVAILABILITY = YES_AGGRESSIVE;
				CLANG_WARN_UNREACHABLE_CODE = YES;
				CLANG_WARN__DUPLICATE_METHOD_MATCH = YES;
				COPY_PHASE_STRIP = NO;
				DEBUG_INFORMATION_FORMAT = dwarf;
				ENABLE_STRICT_OBJC_MSGSEND = YES;
				ENABLE_TESTABILITY = YES;
				GCC_C_LANGUAGE_STANDARD = gnu11;
				GCC_DYNAMIC_NO_PIC = NO;
				GCC_NO_COMMON_BLOCKS = YES;
				GCC_OPTIMIZATION_LEVEL = 0;
				GCC_PREPROCESSOR_DEFINITIONS = (
					"$(inherited)",
					"DEBUG=1",
				);
				GCC_WARN_64_TO_32_BIT_CONVERSION = YES;
				GCC_WARN_ABOUT_RETURN_TYPE = YES_ERROR;
				GCC_WARN_UNDECLARED_SELECTOR = YES;
				GCC_WARN_UNINITIALIZED_AUTOS = YES_AGGRESSIVE;
				GCC_WARN_UNUSED_FUNCTION = YES;
				GCC_WARN_UNUSED_VARIABLE = YES;
				MTL_ENABLE_DEBUG_INFO = YES;
				ONLY_ACTIVE_ARCH = YES;
				PRODUCT_NAME = "$(TARGET_NAME)";
				SWIFT_ACTIVE_COMPILATION_CONDITIONS = DEBUG;
				SWIFT_OPTIMIZATION_LEVEL = "-Onone";
				SWIFT_VERSION = 4.0;
			};
			name = Debug;
		};
		BC_481669948618 /* Debug */ = {
			isa = XCBuildConfiguration;
			buildSettings = {
				BUNDLE_LOADER = "$(TEST_HOST)";
				FRAMEWORK_SEARCH_PATHS = (
					"$(inherited)",
					"$(PROJECT_DIR)/Carthage/Build/iOS",
				);
				INFOPLIST_FILE = Tests/Resources/HyperSpace/Core/Info.plist;
				LD_RUNPATH_SEARCH_PATHS = "$(inherited) @executable_path/Frameworks @loader_path/Frameworks";
				PRODUCT_BUNDLE_IDENTIFIER = "io.thecb4.HyperSpaceUnitTests-iOS";
				PRODUCT_NAME = HyperSpaceUnitTests;
				SDKROOT = iphoneos;
				TARGETED_DEVICE_FAMILY = "1,2";
			};
			name = Debug;
		};
		BC_484225924904 /* Release */ = {
			isa = XCBuildConfiguration;
			buildSettings = {
				CODE_SIGN_IDENTITY = "";
				CURRENT_PROJECT_VERSION = 1;
				DEFINES_MODULE = YES;
				DYLIB_COMPATIBILITY_VERSION = 1;
				DYLIB_CURRENT_VERSION = 1;
				DYLIB_INSTALL_NAME_BASE = "@rpath";
				ENABLE_TESTABILITY = YES;
				FRAMEWORK_SEARCH_PATHS = (
					"$(inherited)",
					"$(PROJECT_DIR)/Carthage/Build/watchOS",
				);
				INFOPLIST_FILE = Resources/HyperSpace/Core/Info.plist;
				INSTALL_PATH = "$(LOCAL_LIBRARY_DIR)/Frameworks";
				PRODUCT_BUNDLE_IDENTIFIER = "io.thecb4.HyperSpace-watchOS";
				PRODUCT_NAME = HyperSpace;
				SDKROOT = watchos;
				SKIP_INSTALL = YES;
				TARGETED_DEVICE_FAMILY = 4;
				VERSIONING_SYSTEM = "apple-generic";
			};
			name = Release;
		};
		BC_499522366158 /* Debug */ = {
			isa = XCBuildConfiguration;
			buildSettings = {
				CODE_SIGN_IDENTITY = "";
				COMBINE_HIDPI_IMAGES = YES;
				CURRENT_PROJECT_VERSION = 1;
				DEFINES_MODULE = YES;
				DYLIB_COMPATIBILITY_VERSION = 1;
				DYLIB_CURRENT_VERSION = 1;
				DYLIB_INSTALL_NAME_BASE = "@rpath";
				ENABLE_TESTABILITY = YES;
				FRAMEWORK_SEARCH_PATHS = (
					"$(inherited)",
					"$(PROJECT_DIR)/Carthage/Build/Mac",
				);
				INFOPLIST_FILE = Resources/HyperSpace/Core/Info.plist;
				INSTALL_PATH = "$(LOCAL_LIBRARY_DIR)/Frameworks";
				LD_RUNPATH_SEARCH_PATHS = "$(inherited) @executable_path/../Frameworks";
				PRODUCT_BUNDLE_IDENTIFIER = "io.thecb4.HyperSpace-macOS";
				PRODUCT_NAME = HyperSpace;
				SDKROOT = macosx;
				SKIP_INSTALL = YES;
				VERSIONING_SYSTEM = "apple-generic";
			};
			name = Debug;
		};
		BC_512393108986 /* Release */ = {
			isa = XCBuildConfiguration;
			buildSettings = {
				BUNDLE_LOADER = "$(TEST_HOST)";
				COMBINE_HIDPI_IMAGES = YES;
				FRAMEWORK_SEARCH_PATHS = (
					"$(inherited)",
					"$(PROJECT_DIR)/Carthage/Build/Mac",
				);
				INFOPLIST_FILE = Tests/Resources/HyperSpace/Core/Info.plist;
				LD_RUNPATH_SEARCH_PATHS = "$(inherited) @executable_path/../Frameworks @loader_path/../Frameworks";
				PRODUCT_BUNDLE_IDENTIFIER = "io.thecb4.HyperSpaceUnitTests-macOS";
				PRODUCT_NAME = HyperSpaceUnitTests;
				SDKROOT = macosx;
			};
			name = Release;
		};
		BC_592604034085 /* Release */ = {
			isa = XCBuildConfiguration;
			buildSettings = {
				BUNDLE_LOADER = "$(TEST_HOST)";
				FRAMEWORK_SEARCH_PATHS = (
					"$(inherited)",
					"$(PROJECT_DIR)/Carthage/Build/watchOS",
				);
				INFOPLIST_FILE = Tests/Resources/HyperSpace/Core/Info.plist;
				LD_RUNPATH_SEARCH_PATHS = "$(inherited) @executable_path/../../Frameworks @loader_path/Frameworks";
				PRODUCT_BUNDLE_IDENTIFIER = "io.thecb4.HyperSpaceUnitTests-watchOS";
				PRODUCT_NAME = HyperSpaceUnitTests;
				SDKROOT = watchos;
				SKIP_INSTALL = YES;
				TARGETED_DEVICE_FAMILY = 4;
			};
			name = Release;
		};
		BC_599182787377 /* Debug */ = {
			isa = XCBuildConfiguration;
			buildSettings = {
				BUNDLE_LOADER = "$(TEST_HOST)";
				COMBINE_HIDPI_IMAGES = YES;
				FRAMEWORK_SEARCH_PATHS = (
					"$(inherited)",
					"$(PROJECT_DIR)/Carthage/Build/Mac",
				);
				INFOPLIST_FILE = Tests/Resources/HyperSpace/Core/Info.plist;
				LD_RUNPATH_SEARCH_PATHS = "$(inherited) @executable_path/../Frameworks @loader_path/../Frameworks";
				PRODUCT_BUNDLE_IDENTIFIER = "io.thecb4.HyperSpaceUnitTests-macOS";
				PRODUCT_NAME = HyperSpaceUnitTests;
				SDKROOT = macosx;
			};
			name = Debug;
		};
		BC_639928160339 /* Debug */ = {
			isa = XCBuildConfiguration;
			buildSettings = {
				BUNDLE_LOADER = "$(TEST_HOST)";
				FRAMEWORK_SEARCH_PATHS = (
					"$(inherited)",
					"$(PROJECT_DIR)/Carthage/Build/watchOS",
				);
				INFOPLIST_FILE = Tests/Resources/HyperSpace/Core/Info.plist;
				LD_RUNPATH_SEARCH_PATHS = "$(inherited) @executable_path/../../Frameworks @loader_path/Frameworks";
				PRODUCT_BUNDLE_IDENTIFIER = "io.thecb4.HyperSpaceUnitTests-watchOS";
				PRODUCT_NAME = HyperSpaceUnitTests;
				SDKROOT = watchos;
				SKIP_INSTALL = YES;
				TARGETED_DEVICE_FAMILY = 4;
			};
			name = Debug;
		};
		BC_694977079959 /* Release */ = {
			isa = XCBuildConfiguration;
			buildSettings = {
				BUNDLE_LOADER = "$(TEST_HOST)";
				FRAMEWORK_SEARCH_PATHS = (
					"$(inherited)",
					"$(PROJECT_DIR)/Carthage/Build/tvOS",
				);
				INFOPLIST_FILE = Tests/Resources/HyperSpace/Core/Info.plist;
				LD_RUNPATH_SEARCH_PATHS = "$(inherited) @executable_path/Frameworks @loader_path/Frameworks";
				PRODUCT_BUNDLE_IDENTIFIER = "io.thecb4.HyperSpaceUnitTests-tvOS";
				PRODUCT_NAME = HyperSpaceUnitTests;
				SDKROOT = appletvos;
				TARGETED_DEVICE_FAMILY = 3;
			};
			name = Release;
		};
		BC_825845078725 /* Debug */ = {
			isa = XCBuildConfiguration;
			buildSettings = {
				CODE_SIGN_IDENTITY = "";
				CURRENT_PROJECT_VERSION = 1;
				DEFINES_MODULE = YES;
				DYLIB_COMPATIBILITY_VERSION = 1;
				DYLIB_CURRENT_VERSION = 1;
				DYLIB_INSTALL_NAME_BASE = "@rpath";
				ENABLE_TESTABILITY = YES;
				FRAMEWORK_SEARCH_PATHS = (
					"$(inherited)",
					"$(PROJECT_DIR)/Carthage/Build/iOS",
				);
				INFOPLIST_FILE = Resources/HyperSpace/Core/Info.plist;
				INSTALL_PATH = "$(LOCAL_LIBRARY_DIR)/Frameworks";
				LD_RUNPATH_SEARCH_PATHS = "$(inherited) @executable_path/Frameworks";
				PRODUCT_BUNDLE_IDENTIFIER = "io.thecb4.HyperSpace-iOS";
				PRODUCT_NAME = HyperSpace;
				SDKROOT = iphoneos;
				SKIP_INSTALL = YES;
				TARGETED_DEVICE_FAMILY = "1,2";
				VERSIONING_SYSTEM = "apple-generic";
			};
			name = Debug;
		};
		BC_881114754245 /* Release */ = {
			isa = XCBuildConfiguration;
			buildSettings = {
				ALWAYS_SEARCH_USER_PATHS = NO;
				CLANG_ANALYZER_NONNULL = YES;
				CLANG_ANALYZER_NUMBER_OBJECT_CONVERSION = YES_AGGRESSIVE;
				CLANG_CXX_LANGUAGE_STANDARD = "gnu++14";
				CLANG_CXX_LIBRARY = "libc++";
				CLANG_ENABLE_MODULES = YES;
				CLANG_ENABLE_OBJC_ARC = YES;
				CLANG_WARN_BLOCK_CAPTURE_AUTORELEASING = YES;
				CLANG_WARN_BOOL_CONVERSION = YES;
				CLANG_WARN_COMMA = YES;
				CLANG_WARN_CONSTANT_CONVERSION = YES;
				CLANG_WARN_DIRECT_OBJC_ISA_USAGE = YES_ERROR;
				CLANG_WARN_DOCUMENTATION_COMMENTS = YES;
				CLANG_WARN_EMPTY_BODY = YES;
				CLANG_WARN_ENUM_CONVERSION = YES;
				CLANG_WARN_INFINITE_RECURSION = YES;
				CLANG_WARN_INT_CONVERSION = YES;
				CLANG_WARN_NON_LITERAL_NULL_CONVERSION = YES;
				CLANG_WARN_OBJC_LITERAL_CONVERSION = YES;
				CLANG_WARN_OBJC_ROOT_CLASS = YES_ERROR;
				CLANG_WARN_RANGE_LOOP_ANALYSIS = YES;
				CLANG_WARN_STRICT_PROTOTYPES = YES;
				CLANG_WARN_SUSPICIOUS_MOVE = YES;
				CLANG_WARN_UNGUARDED_AVAILABILITY = YES_AGGRESSIVE;
				CLANG_WARN_UNREACHABLE_CODE = YES;
				CLANG_WARN__DUPLICATE_METHOD_MATCH = YES;
				COPY_PHASE_STRIP = NO;
				DEBUG_INFORMATION_FORMAT = "dwarf-with-dsym";
				ENABLE_NS_ASSERTIONS = NO;
				ENABLE_STRICT_OBJC_MSGSEND = YES;
				GCC_C_LANGUAGE_STANDARD = gnu11;
				GCC_NO_COMMON_BLOCKS = YES;
				GCC_WARN_64_TO_32_BIT_CONVERSION = YES;
				GCC_WARN_ABOUT_RETURN_TYPE = YES_ERROR;
				GCC_WARN_UNDECLARED_SELECTOR = YES;
				GCC_WARN_UNINITIALIZED_AUTOS = YES_AGGRESSIVE;
				GCC_WARN_UNUSED_FUNCTION = YES;
				GCC_WARN_UNUSED_VARIABLE = YES;
				PRODUCT_NAME = "$(TARGET_NAME)";
				SWIFT_OPTIMIZATION_LEVEL = "-Owholemodule";
				SWIFT_VERSION = 4.0;
				VALIDATE_PRODUCT = YES;
			};
			name = Release;
		};
		BC_887635705238 /* Debug */ = {
			isa = XCBuildConfiguration;
			buildSettings = {
				BUNDLE_LOADER = "$(TEST_HOST)";
				FRAMEWORK_SEARCH_PATHS = (
					"$(inherited)",
					"$(PROJECT_DIR)/Carthage/Build/tvOS",
				);
				INFOPLIST_FILE = Tests/Resources/HyperSpace/Core/Info.plist;
				LD_RUNPATH_SEARCH_PATHS = "$(inherited) @executable_path/Frameworks @loader_path/Frameworks";
				PRODUCT_BUNDLE_IDENTIFIER = "io.thecb4.HyperSpaceUnitTests-tvOS";
				PRODUCT_NAME = HyperSpaceUnitTests;
				SDKROOT = appletvos;
				TARGETED_DEVICE_FAMILY = 3;
			};
			name = Debug;
		};
/* End XCBuildConfiguration section */

/* Begin XCConfigurationList section */
		CL_115407711098 /* Build configuration list for PBXProject "HyperSpace" */ = {
			isa = XCConfigurationList;
			buildConfigurations = (
				BC_479945831424 /* Debug */,
				BC_881114754245 /* Release */,
			);
			defaultConfigurationIsVisible = 0;
			defaultConfigurationName = Debug;
		};
		CL_208138567757 /* Build configuration list for PBXNativeTarget "HyperSpaceUnitTests-iOS" */ = {
			isa = XCConfigurationList;
			buildConfigurations = (
				BC_481669948618 /* Debug */,
				BC_265105449688 /* Release */,
			);
			defaultConfigurationIsVisible = 0;
			defaultConfigurationName = "";
		};
		CL_321408082364 /* Build configuration list for PBXNativeTarget "HyperSpace-tvOS" */ = {
			isa = XCConfigurationList;
			buildConfigurations = (
				BC_170103738227 /* Debug */,
				BC_338723923467 /* Release */,
			);
			defaultConfigurationIsVisible = 0;
			defaultConfigurationName = "";
		};
		CL_376116890244 /* Build configuration list for PBXNativeTarget "HyperSpaceUnitTests-tvOS" */ = {
			isa = XCConfigurationList;
			buildConfigurations = (
				BC_887635705238 /* Debug */,
				BC_694977079959 /* Release */,
			);
			defaultConfigurationIsVisible = 0;
			defaultConfigurationName = "";
		};
		CL_724914065238 /* Build configuration list for PBXNativeTarget "HyperSpace-iOS" */ = {
			isa = XCConfigurationList;
			buildConfigurations = (
				BC_825845078725 /* Debug */,
				BC_151407694674 /* Release */,
			);
			defaultConfigurationIsVisible = 0;
			defaultConfigurationName = "";
		};
		CL_745958937782 /* Build configuration list for PBXNativeTarget "HyperSpace-macOS" */ = {
			isa = XCConfigurationList;
			buildConfigurations = (
				BC_499522366158 /* Debug */,
				BC_167866227848 /* Release */,
			);
			defaultConfigurationIsVisible = 0;
			defaultConfigurationName = "";
		};
		CL_901842325542 /* Build configuration list for PBXNativeTarget "HyperSpaceUnitTests-macOS" */ = {
			isa = XCConfigurationList;
			buildConfigurations = (
				BC_599182787377 /* Debug */,
				BC_512393108986 /* Release */,
			);
			defaultConfigurationIsVisible = 0;
			defaultConfigurationName = "";
		};
		CL_920065964606 /* Build configuration list for PBXNativeTarget "HyperSpaceUnitTests-watchOS" */ = {
			isa = XCConfigurationList;
			buildConfigurations = (
				BC_639928160339 /* Debug */,
				BC_592604034085 /* Release */,
			);
			defaultConfigurationIsVisible = 0;
			defaultConfigurationName = "";
		};
		CL_929874937904 /* Build configuration list for PBXNativeTarget "HyperSpace-watchOS" */ = {
			isa = XCConfigurationList;
			buildConfigurations = (
				BC_464694676821 /* Debug */,
				BC_484225924904 /* Release */,
			);
			defaultConfigurationIsVisible = 0;
			defaultConfigurationName = "";
		};
/* End XCConfigurationList section */
	};
	rootObject = P_1154077110986 /* Project object */;
}
